
Microsoft Visual Studio Solution File, Format Version 12.00
# Visual Studio 15
VisualStudioVersion = 15.0.27703.2035
MinimumVisualStudioVersion = 10.0.40219.1
Project("{FAE04EC0-301F-11D3-BF4B-00C04F79EFBC}") = "workIT.Data", "workIT.Data\workIT.Data.csproj", "{22DB7FDE-7F0B-4A48-9261-1FAB15767CAE}"
EndProject
Project("{FAE04EC0-301F-11D3-BF4B-00C04F79EFBC}") = "workIT.Factories", "workIT.Factories\workIT.Factories.csproj", "{42051501-1140-42D1-A59E-8BE61B7853B0}"
EndProject
Project("{FAE04EC0-301F-11D3-BF4B-00C04F79EFBC}") = "workIT.Models", "workIT.Models\workIT.Models.csproj", "{7F2454E1-4CEE-4955-9B84-B5645414BD6A}"
EndProject
Project("{FAE04EC0-301F-11D3-BF4B-00C04F79EFBC}") = "workIT.Services", "workIT.Services\workIT.Services.csproj", "{68E38652-32B7-4D9A-BA53-0FA5D58A6E0D}"
EndProject
Project("{FAE04EC0-301F-11D3-BF4B-00C04F79EFBC}") = "workIT.Web", "WorkIT.Web\workIT.Web.csproj", "{C4C0768C-847D-4BAE-BA97-4B2CDEF9EE65}"
EndProject
Project("{2150E333-8FDC-42A3-9474-1A3956D46DE8}") = "Import", "Import", "{1EB97E68-92C7-4BB0-9443-7507B092FDA6}"
EndProject
Project("{FAE04EC0-301F-11D3-BF4B-00C04F79EFBC}") = "CTI.Import", "Import\CTI.Import.csproj", "{6163F6A4-E139-4CF5-AB59-B6E8508C9EC0}"
EndProject
Project("{FAE04EC0-301F-11D3-BF4B-00C04F79EFBC}") = "workIT.Utilities", "WorkIT.Utilities\workIT.Utilities.csproj", "{EA37CBF4-045B-471A-B8B6-AF2BA7586722}"
EndProject
Project("{FAE04EC0-301F-11D3-BF4B-00C04F79EFBC}") = "Import.Services", "Import.Services\Import.Services.csproj", "{22328DEE-B11F-44AE-ADDE-F85774CB5DC9}"
EndProject
Project("{FAE04EC0-301F-11D3-BF4B-00C04F79EFBC}") = "ImportHelpers", "ImportHelpers\Helpers\ImportHelpers.csproj", "{20D47ADB-2817-4DEF-9BD6-FA74EDEA9500}"
EndProject
Project("{2150E333-8FDC-42A3-9474-1A3956D46DE8}") = "Tools", "Tools", "{12E8498D-B893-44C1-AB6A-A16564FA9E7C}"
EndProject
Project("{FAE04EC0-301F-11D3-BF4B-00C04F79EFBC}") = "ElasticIndexBuild", "Tools\ElasticIndexBuild\ElasticIndexBuild.csproj", "{F3D22B73-F5AE-48E3-84E3-8521731E0FEA}"
EndProject
Project("{2150E333-8FDC-42A3-9474-1A3956D46DE8}") = "Database", "Database", "{91E8EFE2-EA3E-433D-801B-02EAF83ACEB6}"
	ProjectSection(SolutionItems) = preProject
		Database\CE_ExternalData_190309.zip = Database\CE_ExternalData_190309.zip
		Database\credfinderGitub190301.zip = Database\credfinderGitub190301.zip
		Database\credfinderGitub190309.zip = Database\credfinderGitub190309.zip
		Database\credfinderTest190301.zip = Database\credfinderTest190301.zip
		Database\credfinderTest190309.zip = Database\credfinderTest190309.zip
		Database\restore_CE_ExternalData.sql = Database\restore_CE_ExternalData.sql
		Database\Restore_credFinder.sql = Database\Restore_credFinder.sql
	EndProjectSection
EndProject
Project("{2150E333-8FDC-42A3-9474-1A3956D46DE8}") = "procs", "procs", "{EF9DDCCD-4310-4A38-AA77-80699934004A}"
	ProjectSection(SolutionItems) = preProject
		Database\procs\Activity_Search.sql = Database\procs\Activity_Search.sql
		Database\procs\Assessment.ElasticSearch.sql = Database\procs\Assessment.ElasticSearch.sql
		Database\procs\Assessment_Search.sql = Database\procs\Assessment_Search.sql
		Database\procs\CodeTables_UpdateTotals.sql = Database\procs\CodeTables_UpdateTotals.sql
		Database\procs\CodeTables_UpdateTotalsV2.sql = Database\procs\CodeTables_UpdateTotalsV2.sql
		Database\procs\Competencies_search.sql = Database\procs\Competencies_search.sql
		Database\procs\ConditionManifest_Search.sql = Database\procs\ConditionManifest_Search.sql
		Database\procs\CostManifest_Search.sql = Database\procs\CostManifest_Search.sql
		Database\procs\CostProfileItems_search.sql = Database\procs\CostProfileItems_search.sql
		Database\procs\CreateTableClass.sql = Database\procs\CreateTableClass.sql
		Database\procs\Credential.ElasticSearch.sql = Database\procs\Credential.ElasticSearch.sql
		Database\procs\Credential.ElasticSearch_171227.sql = Database\procs\Credential.ElasticSearch_171227.sql
		Database\procs\Credential.Search.sql = Database\procs\Credential.Search.sql
		Database\procs\Credentials_Export.sql = Database\procs\Credentials_Export.sql
		Database\procs\Entity_Cache_Populate.sql = Database\procs\Entity_Cache_Populate.sql
		Database\procs\Entity_ReferenceConnection_Populate.sql = Database\procs\Entity_ReferenceConnection_Populate.sql
		Database\procs\EntityTotals_UpdateMonth.sql = Database\procs\EntityTotals_UpdateMonth.sql
		Database\procs\Import.EntityResolution_SetResolved.sql = Database\procs\Import.EntityResolution_SetResolved.sql
		Database\procs\Import_EntityResolution_RemoveDuplicates.sql = Database\procs\Import_EntityResolution_RemoveDuplicates.sql
		Database\procs\LearningOpportunity.ElasticSearch.sql = Database\procs\LearningOpportunity.ElasticSearch.sql
		Database\procs\LearningOpportunity_Search.sql = Database\procs\LearningOpportunity_Search.sql
		Database\procs\Organization.ElasticSearch - Copy (2).sql = Database\procs\Organization.ElasticSearch - Copy (2).sql
		Database\procs\Organization.ElasticSearch - Copy.sql = Database\procs\Organization.ElasticSearch - Copy.sql
		Database\procs\Organization.ElasticSearch.sql = Database\procs\Organization.ElasticSearch.sql
		Database\procs\OrganizationSearch.sql = Database\procs\OrganizationSearch.sql
		Database\procs\Populate_AllCaches.sql = Database\procs\Populate_AllCaches.sql
		Database\procs\Populate_Cache.Organization_ActorRoles.sql = Database\procs\Populate_Cache.Organization_ActorRoles.sql
		Database\procs\Populate_Competencies_cache.sql = Database\procs\Populate_Competencies_cache.sql
		Database\procs\Populate_Credential_SummaryCache.sql = Database\procs\Populate_Credential_SummaryCache.sql
		Database\procs\Populate_Entity_SearchIndex.sql = Database\procs\Populate_Entity_SearchIndex.sql
		Database\procs\PopulateSiteMonthlyTotals.sql = Database\procs\PopulateSiteMonthlyTotals.sql
		Database\procs\procs.zip = Database\procs\procs.zip
		Database\procs\udf_GetFirstNumber.sql = Database\procs\udf_GetFirstNumber.sql
		Database\procs\udf_GetNumeric.sql = Database\procs\udf_GetNumeric.sql
	EndProjectSection
EndProject
Project("{2150E333-8FDC-42A3-9474-1A3956D46DE8}") = "views", "views", "{FA991287-4DCF-4613-A1D9-426253AB35EE}"
	ProjectSection(SolutionItems) = preProject
		Database\Views\AccountsView.sql = Database\Views\AccountsView.sql
		Database\Views\Activity_Summary.sql = Database\Views\Activity_Summary.sql
		Database\Views\Activity_Today_Summary.sql = Database\Views\Activity_Today_Summary.sql
		Database\Views\Agent_Summary.sql = Database\Views\Agent_Summary.sql
		Database\Views\Assessment_BasicSummary.sql = Database\Views\Assessment_BasicSummary.sql
		Database\Views\Assessment_Competency_Summary.sql = Database\Views\Assessment_Competency_Summary.sql
		Database\Views\Assessment_Summary.sql = Database\Views\Assessment_Summary.sql
		Database\Views\CIPCode2010.JobFamily.sql = Database\Views\CIPCode2010.JobFamily.sql
		Database\Views\CIPCode2010.sql = Database\Views\CIPCode2010.sql
		Database\Views\Codes.ConditionProfileType.sql = Database\Views\Codes.ConditionProfileType.sql
		Database\Views\Codes.ConditionProfileTypeView.sql = Database\Views\Codes.ConditionProfileTypeView.sql
		Database\Views\Codes.Countries.sql = Database\Views\Codes.Countries.sql
		Database\Views\Codes.CredentialAgentRelationship.sql = Database\Views\Codes.CredentialAgentRelationship.sql
		Database\Views\Codes.Currency.sql = Database\Views\Codes.Currency.sql
		Database\Views\Codes.EntityType.sql = Database\Views\Codes.EntityType.sql
		Database\Views\Codes.Language.sql = Database\Views\Codes.Language.sql
		Database\Views\Codes.PropertyCategory.sql = Database\Views\Codes.PropertyCategory.sql
		Database\Views\Codes.PropertyCategoryView.sql = Database\Views\Codes.PropertyCategoryView.sql
		Database\Views\Codes.PropertyValue.sql = Database\Views\Codes.PropertyValue.sql
		Database\Views\Codes.PropertyValueView.sql = Database\Views\Codes.PropertyValueView.sql
		Database\Views\Codes.States.sql = Database\Views\Codes.States.sql
		Database\Views\CodesProperty.Summary.sql = Database\Views\CodesProperty.Summary.sql
		Database\Views\CodesProperty_Counts_ByEntity.sql = Database\Views\CodesProperty_Counts_ByEntity.sql
		Database\Views\ConditionProfile_Assessments_Competencies_Summary.sql = Database\Views\ConditionProfile_Assessments_Competencies_Summary.sql
		Database\Views\ConditionProfile_Competencies_Summary.sql = Database\Views\ConditionProfile_Competencies_Summary.sql
		Database\Views\ConditionProfile_LearningOpp_Competencies_Summary.sql = Database\Views\ConditionProfile_LearningOpp_Competencies_Summary.sql
		Database\Views\ConditionProfile_RequiredCompetencies.sql = Database\Views\ConditionProfile_RequiredCompetencies.sql
		Database\Views\CostProfile_SummaryForSearch.sql = Database\Views\CostProfile_SummaryForSearch.sql
		Database\Views\CostProfileSummary.sql = Database\Views\CostProfileSummary.sql
		Database\Views\Counts.ConditionProfileChildEntities.sql = Database\Views\Counts.ConditionProfileChildEntities.sql
		Database\Views\Credential_Assets.sql = Database\Views\Credential_Assets.sql
		Database\Views\Credential_Assets_AgentRelationship_Totals.sql = Database\Views\Credential_Assets_AgentRelationship_Totals.sql
		Database\Views\Credential_BasicSummary.sql = Database\Views\Credential_BasicSummary.sql
		Database\Views\Credential_ConditionProfile.sql = Database\Views\Credential_ConditionProfile.sql
		Database\Views\Credential_ConditionProfile_Credential.sql = Database\Views\Credential_ConditionProfile_Credential.sql
		Database\Views\Credential_ConditionProfilesCSV.sql = Database\Views\Credential_ConditionProfilesCSV.sql
		Database\Views\Credential_ConditionProfileTotals.sql = Database\Views\Credential_ConditionProfileTotals.sql
		Database\Views\Credential_EmbeddedCredentials_Summary.sql = Database\Views\Credential_EmbeddedCredentials_Summary.sql
		Database\Views\Credential_HasPart_IsPartOf.sql = Database\Views\Credential_HasPart_IsPartOf.sql
		Database\Views\Credential_IndustriesSummary.sql = Database\Views\Credential_IndustriesSummary.sql
		Database\Views\Credential_OccupationsSummary.sql = Database\Views\Credential_OccupationsSummary.sql
		Database\Views\Credential_PartsSummary.sql = Database\Views\Credential_PartsSummary.sql
		Database\Views\Credential_QARolesCSV.sql = Database\Views\Credential_QARolesCSV.sql
		Database\Views\Credential_QARolesTotals.sql = Database\Views\Credential_QARolesTotals.sql
		Database\Views\Credential_Summary.sql = Database\Views\Credential_Summary.sql
		Database\Views\CredentialAgentRelationships_Summary.sql = Database\Views\CredentialAgentRelationships_Summary.sql
		Database\Views\Entity.AgentRelationship_CredentialOwnersOffersCSV.sql = Database\Views\Entity.AgentRelationship_CredentialOwnersOffersCSV.sql
		Database\Views\Entity.AgentRelationship_Totals.sql = Database\Views\Entity.AgentRelationship_Totals.sql
		Database\Views\Entity.AgentRelationshipIdCSV.sql = Database\Views\Entity.AgentRelationshipIdCSV.sql
		Database\Views\Entity.FrameworkCIPCodeSummary.sql = Database\Views\Entity.FrameworkCIPCodeSummary.sql
		Database\Views\Entity.FrameworkCIPCodeSummary_OBSOLETE.sql = Database\Views\Entity.FrameworkCIPCodeSummary_OBSOLETE.sql
		Database\Views\Entity.FrameworkIndustryCodeSummary.sql = Database\Views\Entity.FrameworkIndustryCodeSummary.sql
		Database\Views\Entity.FrameworkItemSummary.sql = Database\Views\Entity.FrameworkItemSummary.sql
		Database\Views\Entity.FrameworkItemSummary_ForCredentials.sql = Database\Views\Entity.FrameworkItemSummary_ForCredentials.sql
		Database\Views\Entity.FrameworkItemSummary_OBSOLETE.sql = Database\Views\Entity.FrameworkItemSummary_OBSOLETE.sql
		Database\Views\Entity.FrameworkItemSummary_OLD.sql = Database\Views\Entity.FrameworkItemSummary_OLD.sql
		Database\Views\Entity.NaicsCSV.sql = Database\Views\Entity.NaicsCSV.sql
		Database\Views\Entity.OccupationsCSV.sql = Database\Views\Entity.OccupationsCSV.sql
		Database\Views\Entity_AddressSummary.sql = Database\Views\Entity_AddressSummary.sql
		Database\Views\Entity_Assertion_Summary.sql = Database\Views\Entity_Assertion_Summary.sql
		Database\Views\Entity_ConditionProfile_Credential.sql = Database\Views\Entity_ConditionProfile_Credential.sql
		Database\Views\Entity_ConditionProfilesConnectionsCSV.sql = Database\Views\Entity_ConditionProfilesConnectionsCSV.sql
		Database\Views\Entity_ConditionProfilesConnectionsSummary.sql = Database\Views\Entity_ConditionProfilesConnectionsSummary.sql
		Database\Views\Entity_ConditionProfilesCSV.sql = Database\Views\Entity_ConditionProfilesCSV.sql
		Database\Views\Entity_ConditionProfileTargetsSummary.sql = Database\Views\Entity_ConditionProfileTargetsSummary.sql
		Database\Views\Entity_ConditionProfileTotals.sql = Database\Views\Entity_ConditionProfileTotals.sql
		Database\Views\Entity_CostProfileTotal.sql = Database\Views\Entity_CostProfileTotal.sql
		Database\Views\Entity_Duration_EntityAverage.sql = Database\Views\Entity_Duration_EntityAverage.sql
		Database\Views\Entity_LearningOpportunity_IsPartOfSummary.sql = Database\Views\Entity_LearningOpportunity_IsPartOfSummary.sql
		Database\Views\Entity_PropertyCSV.sql = Database\Views\Entity_PropertyCSV.sql
		Database\Views\Entity_QARolesCSV.sql = Database\Views\Entity_QARolesCSV.sql
		Database\Views\Entity_Reference_Summary.sql = Database\Views\Entity_Reference_Summary.sql
		Database\Views\Entity_ReferenceFramework_CIPCodeSummary.sql = Database\Views\Entity_ReferenceFramework_CIPCodeSummary.sql
		Database\Views\Entity_ReferenceFramework_CIPCodeSummary_OBSOLETE.sql = Database\Views\Entity_ReferenceFramework_CIPCodeSummary_OBSOLETE.sql
		Database\Views\Entity_ReferenceFramework_IndustrySummary.sql = Database\Views\Entity_ReferenceFramework_IndustrySummary.sql
		Database\Views\Entity_ReferenceFramework_Summary.sql = Database\Views\Entity_ReferenceFramework_Summary.sql
		Database\Views\Entity_ReferenceFramework_Totals.sql = Database\Views\Entity_ReferenceFramework_Totals.sql
		Database\Views\Entity_Relationship_AgentSummary.sql = Database\Views\Entity_Relationship_AgentSummary.sql
		Database\Views\Entity_Relationship_ToOrgSummary.sql = Database\Views\Entity_Relationship_ToOrgSummary.sql
		Database\Views\Entity_Subjects.sql = Database\Views\Entity_Subjects.sql
		Database\Views\Entity_SubjectsCSV.sql = Database\Views\Entity_SubjectsCSV.sql
		Database\Views\Entity_Summary.sql = Database\Views\Entity_Summary.sql
		Database\Views\EntityCompetencyFramework_Items_Summary.sql = Database\Views\EntityCompetencyFramework_Items_Summary.sql
		Database\Views\EntityProperty_AudienceTypeCSV.sql = Database\Views\EntityProperty_AudienceTypeCSV.sql
		Database\Views\EntityProperty_EducationLevelCSV.sql = Database\Views\EntityProperty_EducationLevelCSV.sql
		Database\Views\EntityProperty_Summary.sql = Database\Views\EntityProperty_Summary.sql
		Database\Views\ExistingCountries_list.sql = Database\Views\ExistingCountries_list.sql
		Database\Views\ExistingCountryRegions_list.sql = Database\Views\ExistingCountryRegions_list.sql
		Database\Views\ExistingRegionCities_list.sql = Database\Views\ExistingRegionCities_list.sql
		Database\Views\ImportMessages_Summary.sql = Database\Views\ImportMessages_Summary.sql
		Database\Views\LearningOpportunity_Competency_Summary.sql = Database\Views\LearningOpportunity_Competency_Summary.sql
		Database\Views\LearningOpportunity_Parts_Competencies_Summary.sql = Database\Views\LearningOpportunity_Parts_Competencies_Summary.sql
		Database\Views\LearningOpportunity_Parts_Summary.sql = Database\Views\LearningOpportunity_Parts_Summary.sql
		Database\Views\LearningOpportunity_Summary.sql = Database\Views\LearningOpportunity_Summary.sql
		Database\Views\NAICS.NaicsGroup.sql = Database\Views\NAICS.NaicsGroup.sql
		Database\Views\NAICS.sql = Database\Views\NAICS.sql
		Database\Views\ONET.AlternateTitles.sql = Database\Views\ONET.AlternateTitles.sql
		Database\Views\ONET_SOC.JobFamily.sql = Database\Views\ONET_SOC.JobFamily.sql
		Database\Views\ONET_SOC.sql = Database\Views\ONET_SOC.sql
		Database\Views\Organization.ServiceSummary.sql = Database\Views\Organization.ServiceSummary.sql
		Database\Views\Organization_ActorRolesCSV.sql = Database\Views\Organization_ActorRolesCSV.sql
		Database\Views\Organization_AlternatesNames.sql = Database\Views\Organization_AlternatesNames.sql
		Database\Views\Organization_CombinedConnections.sql = Database\Views\Organization_CombinedConnections.sql
		Database\Views\Organization_CombinedQAPerformed.sql = Database\Views\Organization_CombinedQAPerformed.sql
		Database\Views\Organization_QARolesTotals.sql = Database\Views\Organization_QARolesTotals.sql
		Database\Views\Organization_RecipientRolesCSV.sql = Database\Views\Organization_RecipientRolesCSV.sql
		Database\Views\Organization_Summary.sql = Database\Views\Organization_Summary.sql
		Database\Views\Query_IndianaCredentials.sql = Database\Views\Query_IndianaCredentials.sql
		Database\Views\Query_IndianaOrganizations.sql = Database\Views\Query_IndianaOrganizations.sql
		Database\Views\Query_IndianapolisCredentials.sql = Database\Views\Query_IndianapolisCredentials.sql
		Database\Views\SiteTotalsSummary.sql = Database\Views\SiteTotalsSummary.sql
	EndProjectSection
EndProject
Project("{2150E333-8FDC-42A3-9474-1A3956D46DE8}") = "tables", "tables", "{DB7C881C-1863-4381-B9C4-6029DE50684F}"
	ProjectSection(SolutionItems) = preProject
		Database\Tables\Assessment.sql = Database\Tables\Assessment.sql
		Database\Tables\Cache.Organization_ActorRoles.sql = Database\Tables\Cache.Organization_ActorRoles.sql
		Database\Tables\Codes.AssertionType.sql = Database\Tables\Codes.AssertionType.sql
		Database\Tables\Codes.ConditionProfileType.sql = Database\Tables\Codes.ConditionProfileType.sql
		Database\Tables\Codes.CredentialAgentRelationship.sql = Database\Tables\Codes.CredentialAgentRelationship.sql
		Database\Tables\Codes.PropertyCategory.sql = Database\Tables\Codes.PropertyCategory.sql
		Database\Tables\Codes.PropertyValue.sql = Database\Tables\Codes.PropertyValue.sql
		Database\Tables\ConditionManifest.sql = Database\Tables\ConditionManifest.sql
		Database\Tables\ConditionProfile_Competencies_cache.sql = Database\Tables\ConditionProfile_Competencies_cache.sql
		Database\Tables\CostManifest.sql = Database\Tables\CostManifest.sql
		Database\Tables\Counts.MonthlySiteTotals.sql = Database\Tables\Counts.MonthlySiteTotals.sql
		Database\Tables\Counts.SiteTotals.sql = Database\Tables\Counts.SiteTotals.sql
		Database\Tables\Credential.sql = Database\Tables\Credential.sql
		Database\Tables\Credential.SummaryCache.sql = Database\Tables\Credential.SummaryCache.sql
		Database\Tables\EducationFramework.sql = Database\Tables\EducationFramework.sql
		Database\Tables\Entity.Address.sql = Database\Tables\Entity.Address.sql
		Database\Tables\Entity.AgentRelationship.sql = Database\Tables\Entity.AgentRelationship.sql
		Database\Tables\Entity.Assessment.sql = Database\Tables\Entity.Assessment.sql
		Database\Tables\Entity.CommonCondition.sql = Database\Tables\Entity.CommonCondition.sql
		Database\Tables\Entity.CommonCost.sql = Database\Tables\Entity.CommonCost.sql
		Database\Tables\Entity.Competency.sql = Database\Tables\Entity.Competency.sql
		Database\Tables\Entity.ConditionManifest.sql = Database\Tables\Entity.ConditionManifest.sql
		Database\Tables\Entity.ConditionProfile.sql = Database\Tables\Entity.ConditionProfile.sql
		Database\Tables\Entity.ContactPoint.sql = Database\Tables\Entity.ContactPoint.sql
		Database\Tables\Entity.CostManifest.sql = Database\Tables\Entity.CostManifest.sql
		Database\Tables\Entity.CostProfile.sql = Database\Tables\Entity.CostProfile.sql
		Database\Tables\Entity.CostProfileItem.sql = Database\Tables\Entity.CostProfileItem.sql
		Database\Tables\Entity.Credential.sql = Database\Tables\Entity.Credential.sql
		Database\Tables\Entity.DurationProfile.sql = Database\Tables\Entity.DurationProfile.sql
		Database\Tables\Entity.FinancialAlignmentProfile.sql = Database\Tables\Entity.FinancialAlignmentProfile.sql
		Database\Tables\Entity.FrameworkItem.sql = Database\Tables\Entity.FrameworkItem.sql
		Database\Tables\Entity.FrameworkItemOther.sql = Database\Tables\Entity.FrameworkItemOther.sql
		Database\Tables\Entity.IdentifierValue.sql = Database\Tables\Entity.IdentifierValue.sql
		Database\Tables\Entity.JurisdictionProfile.sql = Database\Tables\Entity.JurisdictionProfile.sql
		Database\Tables\Entity.Language.sql = Database\Tables\Entity.Language.sql
		Database\Tables\Entity.LearningOpportunity.sql = Database\Tables\Entity.LearningOpportunity.sql
		Database\Tables\Entity.Organization.sql = Database\Tables\Entity.Organization.sql
		Database\Tables\Entity.ProcessProfile.sql = Database\Tables\Entity.ProcessProfile.sql
		Database\Tables\Entity.Property.sql = Database\Tables\Entity.Property.sql
		Database\Tables\Entity.Reference.sql = Database\Tables\Entity.Reference.sql
		Database\Tables\Entity.ReferenceConnection.sql = Database\Tables\Entity.ReferenceConnection.sql
		Database\Tables\Entity.ReferenceFramework.sql = Database\Tables\Entity.ReferenceFramework.sql
		Database\Tables\Entity.RevocationProfile.sql = Database\Tables\Entity.RevocationProfile.sql
		Database\Tables\Entity.SearchIndex.sql = Database\Tables\Entity.SearchIndex.sql
		Database\Tables\Entity.VerificationProfile.sql = Database\Tables\Entity.VerificationProfile.sql
		Database\Tables\Entity.VerificationStatus.sql = Database\Tables\Entity.VerificationStatus.sql
		Database\Tables\GeoCoordinate.sql = Database\Tables\GeoCoordinate.sql
		Database\Tables\GeoCoordinate_add indices.sql = Database\Tables\GeoCoordinate_add indices.sql
		Database\Tables\LearningOpportunity.sql = Database\Tables\LearningOpportunity.sql
		Database\Tables\Reference.Frameworks.sql = Database\Tables\Reference.Frameworks.sql
		Database\Tables\SearchPendingReindex.sql = Database\Tables\SearchPendingReindex.sql
		Database\Tables\Widget.sql = Database\Tables\Widget.sql
	EndProjectSection
EndProject
Project("{2150E333-8FDC-42A3-9474-1A3956D46DE8}") = "tables - updates", "tables - updates", "{D9E9A4D8-48C9-4E15-B712-39BB1FB538FD}"
	ProjectSection(SolutionItems) = preProject
		Database\tables - updates\170831_Assessment_add indices.sql = Database\tables - updates\170831_Assessment_add indices.sql
		Database\tables - updates\170831_cred_add indices.sql = Database\tables - updates\170831_cred_add indices.sql
		Database\tables - updates\170831_lopp_add indices.sql = Database\tables - updates\170831_lopp_add indices.sql
		Database\tables - updates\170831_org_add indices.sql = Database\tables - updates\170831_org_add indices.sql
		Database\tables - updates\170909-Organization - add EntityStateId.sql = Database\tables - updates\170909-Organization - add EntityStateId.sql
		Database\tables - updates\171202_Entity.FrameworkItem_add CodeGroup.sql = Database\tables - updates\171202_Entity.FrameworkItem_add CodeGroup.sql
		Database\tables - updates\18-02-08 Entity_Cache ADD_EntityStateId.sql = Database\tables - updates\18-02-08 Entity_Cache ADD_EntityStateId.sql
		Database\tables - updates\180216_Entity.ContactPoint DROP Telephone, Fax, Email.sql = Database\tables - updates\180216_Entity.ContactPoint DROP Telephone, Fax, Email.sql
		Database\tables - updates\180219_Entity.Reference ADD CONSTRAINT FK_Entity.Reference_Codes.PropertyValue.sql = Database\tables - updates\180219_Entity.Reference ADD CONSTRAINT FK_Entity.Reference_Codes.PropertyValue.sql
		Database\tables - updates\180419_ActivityLog_Made CreatedDate non-nullable.sql = Database\tables - updates\180419_ActivityLog_Made CreatedDate non-nullable.sql
		Database\tables - updates\180429_credential_increase name length to 400.sql = Database\tables - updates\180429_credential_increase name length to 400.sql
		Database\tables - updates\180430_Assessment_increase Name to 500.sql = Database\tables - updates\180430_Assessment_increase Name to 500.sql
		Database\tables - updates\180430_LearningOpportunity_increase name length to 500.sql = Database\tables - updates\180430_LearningOpportunity_increase name length to 500.sql
		Database\tables - updates\180523_processProfile_increase process frequency to v_MAX.sql = Database\tables - updates\180523_processProfile_increase process frequency to v_MAX.sql
		Database\tables - updates\180628_EducationFramework ADD CTID, FrameworkUri, SourceUrl.sql = Database\tables - updates\180628_EducationFramework ADD CTID, FrameworkUri, SourceUrl.sql
		Database\tables - updates\180628_EducationFramework_ updates.sql = Database\tables - updates\180628_EducationFramework_ updates.sql
		Database\tables - updates\180725_Counts.SiteTotals_rename descr to title.sql = Database\tables - updates\180725_Counts.SiteTotals_rename descr to title.sql
		Database\tables - updates\180828_Widget_Widget ADD_CustomStylesFileName and IncludeIfAvailableOnline.sql = Database\tables - updates\180828_Widget_Widget ADD_CustomStylesFileName and IncludeIfAvailableOnline.sql
		Database\tables - updates\181022_Codes.CredentialAgentRelationship_Add_QAPerformedTotals.sql = Database\tables - updates\181022_Codes.CredentialAgentRelationship_Add_QAPerformedTotals.sql
		Database\tables - updates\181102_Entity.CostProfileItem Add FK to Codes.PropertyValue.sql = Database\tables - updates\181102_Entity.CostProfileItem Add FK to Codes.PropertyValue.sql
		Database\tables - updates\181113_Counts.SiteTotals_Change CodeId to be nullable.sql = Database\tables - updates\181113_Counts.SiteTotals_Change CodeId to be nullable.sql
		Database\tables - updates\181116_add indices to Entity.Assertion.sql = Database\tables - updates\181116_add indices to Entity.Assertion.sql
		Database\tables - updates\181127_Counts.EntityMonthlyTotals added DeletedTotals.sql = Database\tables - updates\181127_Counts.EntityMonthlyTotals added DeletedTotals.sql
		Database\tables - updates\Codes.ConditionProfileType - add totals for all types.sql = Database\tables - updates\Codes.ConditionProfileType - add totals for all types.sql
		Database\tables - updates\Codes.CredentialAgentRelationship - add separate totals.sql = Database\tables - updates\Codes.CredentialAgentRelationship - add separate totals.sql
		Database\tables - updates\Counts.SiteTotals_add indices.sql = Database\tables - updates\Counts.SiteTotals_add indices.sql
	EndProjectSection
EndProject
Project("{2150E333-8FDC-42A3-9474-1A3956D46DE8}") = "Triggers", "Triggers", "{BA62BA97-305F-47DD-88E2-FD4F5C43BD93}"
	ProjectSection(SolutionItems) = preProject
		Database\Triggers\Entity_BeforeDelete_triggers.sql = Database\Triggers\Entity_BeforeDelete_triggers.sql
		Database\Triggers\Entity_Insert triggers.sql = Database\Triggers\Entity_Insert triggers.sql
		Database\Triggers\trgAddressAfterDelete.sql = Database\Triggers\trgAddressAfterDelete.sql
		Database\Triggers\trgAssessmentAfterInsert.sql = Database\Triggers\trgAssessmentAfterInsert.sql
		Database\Triggers\trgAssessmentAfterUpdate.sql = Database\Triggers\trgAssessmentAfterUpdate.sql
		Database\Triggers\trgAssessmentBeforeDelete.sql = Database\Triggers\trgAssessmentBeforeDelete.sql
		Database\Triggers\trgConditionManifestAfterInsert.sql = Database\Triggers\trgConditionManifestAfterInsert.sql
		Database\Triggers\trgConditionManifestAftrDelete.sql = Database\Triggers\trgConditionManifestAftrDelete.sql
		Database\Triggers\trgConditionManifestBeforeDelete.sql = Database\Triggers\trgConditionManifestBeforeDelete.sql
		Database\Triggers\trgConnectionProfileAfterDelete.sql = Database\Triggers\trgConnectionProfileAfterDelete.sql
		Database\Triggers\trgContactPointAfterDelete.sql = Database\Triggers\trgContactPointAfterDelete.sql
		Database\Triggers\trgCostManifestAfterDelete.sql = Database\Triggers\trgCostManifestAfterDelete.sql
		Database\Triggers\trgCostManifestAfterInsert.sql = Database\Triggers\trgCostManifestAfterInsert.sql
		Database\Triggers\trgCostManifestBeforeDelete.sql = Database\Triggers\trgCostManifestBeforeDelete.sql
		Database\Triggers\trgCostProfileAfterDelete.sql = Database\Triggers\trgCostProfileAfterDelete.sql
		Database\Triggers\trgCostProfileItemAfterDelete.sql = Database\Triggers\trgCostProfileItemAfterDelete.sql
		Database\Triggers\trgCredentialAfterUpdate.sql = Database\Triggers\trgCredentialAfterUpdate.sql
		Database\Triggers\trgCredentialBeforeDelete.sql = Database\Triggers\trgCredentialBeforeDelete.sql
		Database\Triggers\trgEntityAddressAfterInsert.sql = Database\Triggers\trgEntityAddressAfterInsert.sql
		Database\Triggers\trgEntityAfterInsert.sql = Database\Triggers\trgEntityAfterInsert.sql
		Database\Triggers\trgEntityConditionManifestAfterDelete.sql = Database\Triggers\trgEntityConditionManifestAfterDelete.sql
		Database\Triggers\trgEntityConditionManifestAfterInsert.sql = Database\Triggers\trgEntityConditionManifestAfterInsert.sql
		Database\Triggers\trgEntityConnectionProfileAfterInsert.sql = Database\Triggers\trgEntityConnectionProfileAfterInsert.sql
		Database\Triggers\trgEntityContactPointAfterInsert.sql = Database\Triggers\trgEntityContactPointAfterInsert.sql
		Database\Triggers\trgEntityCostProfileAfterInsert.sql = Database\Triggers\trgEntityCostProfileAfterInsert.sql
		Database\Triggers\trgEntityCostProfileItemAfterInsert.sql = Database\Triggers\trgEntityCostProfileItemAfterInsert.sql
		Database\Triggers\trgEntityJurisdictionProfileAfterDelete.sql = Database\Triggers\trgEntityJurisdictionProfileAfterDelete.sql
		Database\Triggers\trgEntityJurisdictionProfileAfterInsert.sql = Database\Triggers\trgEntityJurisdictionProfileAfterInsert.sql
		Database\Triggers\trgEntityProcessProfileAfterInsert.sql = Database\Triggers\trgEntityProcessProfileAfterInsert.sql
		Database\Triggers\trgEntityReferenceAfterInsert.sql = Database\Triggers\trgEntityReferenceAfterInsert.sql
		Database\Triggers\trgEntityRevocationProfileAfterInsert.sql = Database\Triggers\trgEntityRevocationProfileAfterInsert.sql
		Database\Triggers\trgEntityVerificationProfileAfterInsert.sql = Database\Triggers\trgEntityVerificationProfileAfterInsert.sql
		Database\Triggers\trgLearningOpportunityAfterInsert.sql = Database\Triggers\trgLearningOpportunityAfterInsert.sql
		Database\Triggers\trgLearningOpportunityAfterUpdate.sql = Database\Triggers\trgLearningOpportunityAfterUpdate.sql
		Database\Triggers\trgLearningOpportunityBeforeDelete.sql = Database\Triggers\trgLearningOpportunityBeforeDelete.sql
		Database\Triggers\trgOrganizationAfterInsert.sql = Database\Triggers\trgOrganizationAfterInsert.sql
		Database\Triggers\trgOrganizationAfterUpdate.sql = Database\Triggers\trgOrganizationAfterUpdate.sql
		Database\Triggers\trgOrganizationBeforeDelete.sql = Database\Triggers\trgOrganizationBeforeDelete.sql
		Database\Triggers\trgProcessProfileAfterDelete.sql = Database\Triggers\trgProcessProfileAfterDelete.sql
		Database\Triggers\trgRevocationProfileAfterDelete.sql = Database\Triggers\trgRevocationProfileAfterDelete.sql
		Database\Triggers\trgVerificationProfileAfterDelete.sql = Database\Triggers\trgVerificationProfileAfterDelete.sql
	EndProjectSection
EndProject
Global
	GlobalSection(SolutionConfigurationPlatforms) = preSolution
		Azure|Any CPU = Azure|Any CPU
		ctiTest|Any CPU = ctiTest|Any CPU
		Debug|Any CPU = Debug|Any CPU
		Github|Any CPU = Github|Any CPU
		Release|Any CPU = Release|Any CPU
		Test|Any CPU = Test|Any CPU
	EndGlobalSection
	GlobalSection(ProjectConfigurationPlatforms) = postSolution
		{22DB7FDE-7F0B-4A48-9261-1FAB15767CAE}.Azure|Any CPU.ActiveCfg = Debug|Any CPU
		{22DB7FDE-7F0B-4A48-9261-1FAB15767CAE}.Azure|Any CPU.Build.0 = Debug|Any CPU
		{22DB7FDE-7F0B-4A48-9261-1FAB15767CAE}.ctiTest|Any CPU.ActiveCfg = Release|Any CPU
		{22DB7FDE-7F0B-4A48-9261-1FAB15767CAE}.ctiTest|Any CPU.Build.0 = Release|Any CPU
		{22DB7FDE-7F0B-4A48-9261-1FAB15767CAE}.Debug|Any CPU.ActiveCfg = Debug|Any CPU
		{22DB7FDE-7F0B-4A48-9261-1FAB15767CAE}.Debug|Any CPU.Build.0 = Debug|Any CPU
		{22DB7FDE-7F0B-4A48-9261-1FAB15767CAE}.Github|Any CPU.ActiveCfg = Release|Any CPU
		{22DB7FDE-7F0B-4A48-9261-1FAB15767CAE}.Github|Any CPU.Build.0 = Release|Any CPU
		{22DB7FDE-7F0B-4A48-9261-1FAB15767CAE}.Release|Any CPU.ActiveCfg = Release|Any CPU
		{22DB7FDE-7F0B-4A48-9261-1FAB15767CAE}.Release|Any CPU.Build.0 = Release|Any CPU
		{22DB7FDE-7F0B-4A48-9261-1FAB15767CAE}.Test|Any CPU.ActiveCfg = Release|Any CPU
		{22DB7FDE-7F0B-4A48-9261-1FAB15767CAE}.Test|Any CPU.Build.0 = Release|Any CPU
		{42051501-1140-42D1-A59E-8BE61B7853B0}.Azure|Any CPU.ActiveCfg = Debug|Any CPU
		{42051501-1140-42D1-A59E-8BE61B7853B0}.Azure|Any CPU.Build.0 = Debug|Any CPU
		{42051501-1140-42D1-A59E-8BE61B7853B0}.ctiTest|Any CPU.ActiveCfg = Release|Any CPU
		{42051501-1140-42D1-A59E-8BE61B7853B0}.ctiTest|Any CPU.Build.0 = Release|Any CPU
		{42051501-1140-42D1-A59E-8BE61B7853B0}.Debug|Any CPU.ActiveCfg = Debug|Any CPU
		{42051501-1140-42D1-A59E-8BE61B7853B0}.Debug|Any CPU.Build.0 = Debug|Any CPU
		{42051501-1140-42D1-A59E-8BE61B7853B0}.Github|Any CPU.ActiveCfg = Release|Any CPU
		{42051501-1140-42D1-A59E-8BE61B7853B0}.Github|Any CPU.Build.0 = Release|Any CPU
		{42051501-1140-42D1-A59E-8BE61B7853B0}.Release|Any CPU.ActiveCfg = Release|Any CPU
		{42051501-1140-42D1-A59E-8BE61B7853B0}.Release|Any CPU.Build.0 = Release|Any CPU
		{42051501-1140-42D1-A59E-8BE61B7853B0}.Test|Any CPU.ActiveCfg = Release|Any CPU
		{42051501-1140-42D1-A59E-8BE61B7853B0}.Test|Any CPU.Build.0 = Release|Any CPU
		{7F2454E1-4CEE-4955-9B84-B5645414BD6A}.Azure|Any CPU.ActiveCfg = Debug|Any CPU
		{7F2454E1-4CEE-4955-9B84-B5645414BD6A}.Azure|Any CPU.Build.0 = Debug|Any CPU
		{7F2454E1-4CEE-4955-9B84-B5645414BD6A}.ctiTest|Any CPU.ActiveCfg = Release|Any CPU
		{7F2454E1-4CEE-4955-9B84-B5645414BD6A}.ctiTest|Any CPU.Build.0 = Release|Any CPU
		{7F2454E1-4CEE-4955-9B84-B5645414BD6A}.Debug|Any CPU.ActiveCfg = Debug|Any CPU
		{7F2454E1-4CEE-4955-9B84-B5645414BD6A}.Debug|Any CPU.Build.0 = Debug|Any CPU
		{7F2454E1-4CEE-4955-9B84-B5645414BD6A}.Github|Any CPU.ActiveCfg = Release|Any CPU
		{7F2454E1-4CEE-4955-9B84-B5645414BD6A}.Github|Any CPU.Build.0 = Release|Any CPU
		{7F2454E1-4CEE-4955-9B84-B5645414BD6A}.Release|Any CPU.ActiveCfg = Release|Any CPU
		{7F2454E1-4CEE-4955-9B84-B5645414BD6A}.Release|Any CPU.Build.0 = Release|Any CPU
		{7F2454E1-4CEE-4955-9B84-B5645414BD6A}.Test|Any CPU.ActiveCfg = Release|Any CPU
		{7F2454E1-4CEE-4955-9B84-B5645414BD6A}.Test|Any CPU.Build.0 = Release|Any CPU
		{68E38652-32B7-4D9A-BA53-0FA5D58A6E0D}.Azure|Any CPU.ActiveCfg = Debug|Any CPU
		{68E38652-32B7-4D9A-BA53-0FA5D58A6E0D}.Azure|Any CPU.Build.0 = Debug|Any CPU
		{68E38652-32B7-4D9A-BA53-0FA5D58A6E0D}.ctiTest|Any CPU.ActiveCfg = Release|Any CPU
		{68E38652-32B7-4D9A-BA53-0FA5D58A6E0D}.ctiTest|Any CPU.Build.0 = Release|Any CPU
		{68E38652-32B7-4D9A-BA53-0FA5D58A6E0D}.Debug|Any CPU.ActiveCfg = Debug|Any CPU
		{68E38652-32B7-4D9A-BA53-0FA5D58A6E0D}.Debug|Any CPU.Build.0 = Debug|Any CPU
		{68E38652-32B7-4D9A-BA53-0FA5D58A6E0D}.Github|Any CPU.ActiveCfg = Release|Any CPU
		{68E38652-32B7-4D9A-BA53-0FA5D58A6E0D}.Github|Any CPU.Build.0 = Release|Any CPU
		{68E38652-32B7-4D9A-BA53-0FA5D58A6E0D}.Release|Any CPU.ActiveCfg = Release|Any CPU
		{68E38652-32B7-4D9A-BA53-0FA5D58A6E0D}.Release|Any CPU.Build.0 = Release|Any CPU
		{68E38652-32B7-4D9A-BA53-0FA5D58A6E0D}.Test|Any CPU.ActiveCfg = Release|Any CPU
		{68E38652-32B7-4D9A-BA53-0FA5D58A6E0D}.Test|Any CPU.Build.0 = Release|Any CPU
		{C4C0768C-847D-4BAE-BA97-4B2CDEF9EE65}.Azure|Any CPU.ActiveCfg = Test|Any CPU
		{C4C0768C-847D-4BAE-BA97-4B2CDEF9EE65}.Azure|Any CPU.Build.0 = Test|Any CPU
		{C4C0768C-847D-4BAE-BA97-4B2CDEF9EE65}.ctiTest|Any CPU.ActiveCfg = Release|Any CPU
		{C4C0768C-847D-4BAE-BA97-4B2CDEF9EE65}.ctiTest|Any CPU.Build.0 = Release|Any CPU
		{C4C0768C-847D-4BAE-BA97-4B2CDEF9EE65}.Debug|Any CPU.ActiveCfg = Debug|Any CPU
		{C4C0768C-847D-4BAE-BA97-4B2CDEF9EE65}.Debug|Any CPU.Build.0 = Debug|Any CPU
		{C4C0768C-847D-4BAE-BA97-4B2CDEF9EE65}.Github|Any CPU.ActiveCfg = Release|Any CPU
		{C4C0768C-847D-4BAE-BA97-4B2CDEF9EE65}.Github|Any CPU.Build.0 = Release|Any CPU
		{C4C0768C-847D-4BAE-BA97-4B2CDEF9EE65}.Release|Any CPU.ActiveCfg = Release|Any CPU
		{C4C0768C-847D-4BAE-BA97-4B2CDEF9EE65}.Release|Any CPU.Build.0 = Release|Any CPU
		{C4C0768C-847D-4BAE-BA97-4B2CDEF9EE65}.Test|Any CPU.ActiveCfg = Test|Any CPU
		{C4C0768C-847D-4BAE-BA97-4B2CDEF9EE65}.Test|Any CPU.Build.0 = Test|Any CPU
		{6163F6A4-E139-4CF5-AB59-B6E8508C9EC0}.Azure|Any CPU.ActiveCfg = Debug|Any CPU
		{6163F6A4-E139-4CF5-AB59-B6E8508C9EC0}.Azure|Any CPU.Build.0 = Debug|Any CPU
		{6163F6A4-E139-4CF5-AB59-B6E8508C9EC0}.ctiTest|Any CPU.ActiveCfg = Release|Any CPU
		{6163F6A4-E139-4CF5-AB59-B6E8508C9EC0}.ctiTest|Any CPU.Build.0 = Release|Any CPU
		{6163F6A4-E139-4CF5-AB59-B6E8508C9EC0}.Debug|Any CPU.ActiveCfg = Debug|Any CPU
		{6163F6A4-E139-4CF5-AB59-B6E8508C9EC0}.Debug|Any CPU.Build.0 = Debug|Any CPU
		{6163F6A4-E139-4CF5-AB59-B6E8508C9EC0}.Github|Any CPU.ActiveCfg = Release|Any CPU
		{6163F6A4-E139-4CF5-AB59-B6E8508C9EC0}.Github|Any CPU.Build.0 = Release|Any CPU
		{6163F6A4-E139-4CF5-AB59-B6E8508C9EC0}.Release|Any CPU.ActiveCfg = Release|Any CPU
		{6163F6A4-E139-4CF5-AB59-B6E8508C9EC0}.Release|Any CPU.Build.0 = Release|Any CPU
		{6163F6A4-E139-4CF5-AB59-B6E8508C9EC0}.Test|Any CPU.ActiveCfg = Release|Any CPU
		{6163F6A4-E139-4CF5-AB59-B6E8508C9EC0}.Test|Any CPU.Build.0 = Release|Any CPU
		{EA37CBF4-045B-471A-B8B6-AF2BA7586722}.Azure|Any CPU.ActiveCfg = Debug|Any CPU
		{EA37CBF4-045B-471A-B8B6-AF2BA7586722}.Azure|Any CPU.Build.0 = Debug|Any CPU
		{EA37CBF4-045B-471A-B8B6-AF2BA7586722}.ctiTest|Any CPU.ActiveCfg = Release|Any CPU
		{EA37CBF4-045B-471A-B8B6-AF2BA7586722}.ctiTest|Any CPU.Build.0 = Release|Any CPU
		{EA37CBF4-045B-471A-B8B6-AF2BA7586722}.Debug|Any CPU.ActiveCfg = Debug|Any CPU
		{EA37CBF4-045B-471A-B8B6-AF2BA7586722}.Debug|Any CPU.Build.0 = Debug|Any CPU
		{EA37CBF4-045B-471A-B8B6-AF2BA7586722}.Github|Any CPU.ActiveCfg = Release|Any CPU
		{EA37CBF4-045B-471A-B8B6-AF2BA7586722}.Github|Any CPU.Build.0 = Release|Any CPU
		{EA37CBF4-045B-471A-B8B6-AF2BA7586722}.Release|Any CPU.ActiveCfg = Release|Any CPU
		{EA37CBF4-045B-471A-B8B6-AF2BA7586722}.Release|Any CPU.Build.0 = Release|Any CPU
		{EA37CBF4-045B-471A-B8B6-AF2BA7586722}.Test|Any CPU.ActiveCfg = Release|Any CPU
		{EA37CBF4-045B-471A-B8B6-AF2BA7586722}.Test|Any CPU.Build.0 = Release|Any CPU
		{22328DEE-B11F-44AE-ADDE-F85774CB5DC9}.Azure|Any CPU.ActiveCfg = Debug|Any CPU
		{22328DEE-B11F-44AE-ADDE-F85774CB5DC9}.Azure|Any CPU.Build.0 = Debug|Any CPU
		{22328DEE-B11F-44AE-ADDE-F85774CB5DC9}.ctiTest|Any CPU.ActiveCfg = Release|Any CPU
		{22328DEE-B11F-44AE-ADDE-F85774CB5DC9}.ctiTest|Any CPU.Build.0 = Release|Any CPU
		{22328DEE-B11F-44AE-ADDE-F85774CB5DC9}.Debug|Any CPU.ActiveCfg = Debug|Any CPU
		{22328DEE-B11F-44AE-ADDE-F85774CB5DC9}.Debug|Any CPU.Build.0 = Debug|Any CPU
		{22328DEE-B11F-44AE-ADDE-F85774CB5DC9}.Github|Any CPU.ActiveCfg = Release|Any CPU
		{22328DEE-B11F-44AE-ADDE-F85774CB5DC9}.Github|Any CPU.Build.0 = Release|Any CPU
		{22328DEE-B11F-44AE-ADDE-F85774CB5DC9}.Release|Any CPU.ActiveCfg = Release|Any CPU
		{22328DEE-B11F-44AE-ADDE-F85774CB5DC9}.Release|Any CPU.Build.0 = Release|Any CPU
		{22328DEE-B11F-44AE-ADDE-F85774CB5DC9}.Test|Any CPU.ActiveCfg = Release|Any CPU
		{22328DEE-B11F-44AE-ADDE-F85774CB5DC9}.Test|Any CPU.Build.0 = Release|Any CPU
		{20D47ADB-2817-4DEF-9BD6-FA74EDEA9500}.Azure|Any CPU.ActiveCfg = Debug|Any CPU
		{20D47ADB-2817-4DEF-9BD6-FA74EDEA9500}.Azure|Any CPU.Build.0 = Debug|Any CPU
		{20D47ADB-2817-4DEF-9BD6-FA74EDEA9500}.ctiTest|Any CPU.ActiveCfg = Release|Any CPU
		{20D47ADB-2817-4DEF-9BD6-FA74EDEA9500}.ctiTest|Any CPU.Build.0 = Release|Any CPU
		{20D47ADB-2817-4DEF-9BD6-FA74EDEA9500}.Debug|Any CPU.ActiveCfg = Debug|Any CPU
		{20D47ADB-2817-4DEF-9BD6-FA74EDEA9500}.Debug|Any CPU.Build.0 = Debug|Any CPU
		{20D47ADB-2817-4DEF-9BD6-FA74EDEA9500}.Github|Any CPU.ActiveCfg = Release|Any CPU
		{20D47ADB-2817-4DEF-9BD6-FA74EDEA9500}.Github|Any CPU.Build.0 = Release|Any CPU
		{20D47ADB-2817-4DEF-9BD6-FA74EDEA9500}.Release|Any CPU.ActiveCfg = Release|Any CPU
		{20D47ADB-2817-4DEF-9BD6-FA74EDEA9500}.Release|Any CPU.Build.0 = Release|Any CPU
		{20D47ADB-2817-4DEF-9BD6-FA74EDEA9500}.Test|Any CPU.ActiveCfg = Release|Any CPU
		{20D47ADB-2817-4DEF-9BD6-FA74EDEA9500}.Test|Any CPU.Build.0 = Release|Any CPU
		{F3D22B73-F5AE-48E3-84E3-8521731E0FEA}.Azure|Any CPU.ActiveCfg = Release|Any CPU
		{F3D22B73-F5AE-48E3-84E3-8521731E0FEA}.Azure|Any CPU.Build.0 = Release|Any CPU
		{F3D22B73-F5AE-48E3-84E3-8521731E0FEA}.ctiTest|Any CPU.ActiveCfg = Release|Any CPU
		{F3D22B73-F5AE-48E3-84E3-8521731E0FEA}.ctiTest|Any CPU.Build.0 = Release|Any CPU
		{F3D22B73-F5AE-48E3-84E3-8521731E0FEA}.Debug|Any CPU.ActiveCfg = Debug|Any CPU
		{F3D22B73-F5AE-48E3-84E3-8521731E0FEA}.Debug|Any CPU.Build.0 = Debug|Any CPU
		{F3D22B73-F5AE-48E3-84E3-8521731E0FEA}.Github|Any CPU.ActiveCfg = Release|Any CPU
		{F3D22B73-F5AE-48E3-84E3-8521731E0FEA}.Github|Any CPU.Build.0 = Release|Any CPU
		{F3D22B73-F5AE-48E3-84E3-8521731E0FEA}.Release|Any CPU.ActiveCfg = Release|Any CPU
		{F3D22B73-F5AE-48E3-84E3-8521731E0FEA}.Release|Any CPU.Build.0 = Release|Any CPU
		{F3D22B73-F5AE-48E3-84E3-8521731E0FEA}.Test|Any CPU.ActiveCfg = Release|Any CPU
		{F3D22B73-F5AE-48E3-84E3-8521731E0FEA}.Test|Any CPU.Build.0 = Release|Any CPU
	EndGlobalSection
	GlobalSection(SolutionProperties) = preSolution
		HideSolutionNode = FALSE
	EndGlobalSection
	GlobalSection(NestedProjects) = preSolution
		{6163F6A4-E139-4CF5-AB59-B6E8508C9EC0} = {1EB97E68-92C7-4BB0-9443-7507B092FDA6}
		{20D47ADB-2817-4DEF-9BD6-FA74EDEA9500} = {1EB97E68-92C7-4BB0-9443-7507B092FDA6}
		{F3D22B73-F5AE-48E3-84E3-8521731E0FEA} = {12E8498D-B893-44C1-AB6A-A16564FA9E7C}
		{EF9DDCCD-4310-4A38-AA77-80699934004A} = {91E8EFE2-EA3E-433D-801B-02EAF83ACEB6}
		{FA991287-4DCF-4613-A1D9-426253AB35EE} = {91E8EFE2-EA3E-433D-801B-02EAF83ACEB6}
		{DB7C881C-1863-4381-B9C4-6029DE50684F} = {91E8EFE2-EA3E-433D-801B-02EAF83ACEB6}
		{D9E9A4D8-48C9-4E15-B712-39BB1FB538FD} = {91E8EFE2-EA3E-433D-801B-02EAF83ACEB6}
		{BA62BA97-305F-47DD-88E2-FD4F5C43BD93} = {91E8EFE2-EA3E-433D-801B-02EAF83ACEB6}
	EndGlobalSection
	GlobalSection(ExtensibilityGlobals) = postSolution
		SolutionGuid = {B64A0AE6-119D-43C5-8A69-346846E431C5}
	EndGlobalSection
EndGlobal
