
Microsoft Visual Studio Solution File, Format Version 12.00
# Visual Studio Version 16
VisualStudioVersion = 16.0.29709.97
MinimumVisualStudioVersion = 10.0.40219.1
Project("{FAE04EC0-301F-11D3-BF4B-00C04F79EFBC}") = "workIT.Data", "workIT.Data\workIT.Data.csproj", "{22DB7FDE-7F0B-4A48-9261-1FAB15767CAE}"
EndProject
Project("{FAE04EC0-301F-11D3-BF4B-00C04F79EFBC}") = "workIT.Factories", "workIT.Factories\workIT.Factories.csproj", "{42051501-1140-42D1-A59E-8BE61B7853B0}"
EndProject
Project("{FAE04EC0-301F-11D3-BF4B-00C04F79EFBC}") = "workIT.Models", "workIT.Models\workIT.Models.csproj", "{7F2454E1-4CEE-4955-9B84-B5645414BD6A}"
EndProject
Project("{FAE04EC0-301F-11D3-BF4B-00C04F79EFBC}") = "workIT.Services", "workIT.Services\workIT.Services.csproj", "{68E38652-32B7-4D9A-BA53-0FA5D58A6E0D}"
EndProject
Project("{2150E333-8FDC-42A3-9474-1A3956D46DE8}") = "Import", "Import", "{1EB97E68-92C7-4BB0-9443-7507B092FDA6}"
EndProject
Project("{FAE04EC0-301F-11D3-BF4B-00C04F79EFBC}") = "CTI.Import", "Import\CTI.Import.csproj", "{6163F6A4-E139-4CF5-AB59-B6E8508C9EC0}"
EndProject
Project("{FAE04EC0-301F-11D3-BF4B-00C04F79EFBC}") = "workIT.Utilities", "WorkIT.Utilities\workIT.Utilities.csproj", "{EA37CBF4-045B-471A-B8B6-AF2BA7586722}"
EndProject
Project("{FAE04EC0-301F-11D3-BF4B-00C04F79EFBC}") = "ImportHelpers", "ImportHelpers\Helpers\ImportHelpers.csproj", "{20D47ADB-2817-4DEF-9BD6-FA74EDEA9500}"
EndProject
Project("{2150E333-8FDC-42A3-9474-1A3956D46DE8}") = "Tools", "Tools", "{12E8498D-B893-44C1-AB6A-A16564FA9E7C}"
EndProject
Project("{FAE04EC0-301F-11D3-BF4B-00C04F79EFBC}") = "ElasticIndexBuild", "Tools\ElasticIndexBuild\ElasticIndexBuild.csproj", "{F3D22B73-F5AE-48E3-84E3-8521731E0FEA}"
EndProject
Project("{2150E333-8FDC-42A3-9474-1A3956D46DE8}") = "Database", "Database", "{91E8EFE2-EA3E-433D-801B-02EAF83ACEB6}"
	ProjectSection(SolutionItems) = preProject
		Database\CE_EXTERNAL_210127.zip = Database\CE_EXTERNAL_210127.zip
		Database\credFinderGithub210127.zip = Database\credFinderGithub210127.zip
		Database\credFinderGithub210305.zip = Database\credFinderGithub210305.zip
		Database\restore_CE_ExternalData.sql = Database\restore_CE_ExternalData.sql
		Database\Restore_credFinder.sql = Database\Restore_credFinder.sql
	EndProjectSection
EndProject
Project("{2150E333-8FDC-42A3-9474-1A3956D46DE8}") = "procs", "procs", "{EF9DDCCD-4310-4A38-AA77-80699934004A}"
	ProjectSection(SolutionItems) = preProject
		Database\procs\Activity_Search.sql = Database\procs\Activity_Search.sql
		Database\procs\Assessment.ElasticSearch.sql = Database\procs\Assessment.ElasticSearch.sql
		Database\procs\Assessment_Search.sql = Database\procs\Assessment_Search.sql
		Database\procs\CodeTables_UpdateTotals.sql = Database\procs\CodeTables_UpdateTotals.sql
		Database\procs\CodeTables_UpdateTotalsV2.sql = Database\procs\CodeTables_UpdateTotalsV2.sql
		Database\procs\Competencies_search.sql = Database\procs\Competencies_search.sql
		Database\procs\ConditionManifest_Search.sql = Database\procs\ConditionManifest_Search.sql
		Database\procs\CostManifest_Search.sql = Database\procs\CostManifest_Search.sql
		Database\procs\CostProfileItems_search.sql = Database\procs\CostProfileItems_search.sql
		Database\procs\CreateTableClass.sql = Database\procs\CreateTableClass.sql
		Database\procs\Credential.ElasticSearch.sql = Database\procs\Credential.ElasticSearch.sql
		Database\procs\Credential.ElasticSearch_171227.sql = Database\procs\Credential.ElasticSearch_171227.sql
		Database\procs\Credential.Search.sql = Database\procs\Credential.Search.sql
		Database\procs\Credentials_Export.sql = Database\procs\Credentials_Export.sql
		Database\procs\Entity_Cache_Populate.sql = Database\procs\Entity_Cache_Populate.sql
		Database\procs\Entity_ReferenceConnection_Populate.sql = Database\procs\Entity_ReferenceConnection_Populate.sql
		Database\procs\EntityTotals_UpdateMonth.sql = Database\procs\EntityTotals_UpdateMonth.sql
		Database\procs\Import.EntityResolution_SetResolved.sql = Database\procs\Import.EntityResolution_SetResolved.sql
		Database\procs\Import_EntityResolution_RemoveDuplicates.sql = Database\procs\Import_EntityResolution_RemoveDuplicates.sql
		Database\procs\LearningOpportunity.ElasticSearch.sql = Database\procs\LearningOpportunity.ElasticSearch.sql
		Database\procs\LearningOpportunity_Search.sql = Database\procs\LearningOpportunity_Search.sql
		Database\procs\Organization.ElasticSearch - Copy (2).sql = Database\procs\Organization.ElasticSearch - Copy (2).sql
		Database\procs\Organization.ElasticSearch - Copy.sql = Database\procs\Organization.ElasticSearch - Copy.sql
		Database\procs\Organization.ElasticSearch.sql = Database\procs\Organization.ElasticSearch.sql
		Database\procs\OrganizationSearch.sql = Database\procs\OrganizationSearch.sql
		Database\procs\Populate_AllCaches.sql = Database\procs\Populate_AllCaches.sql
		Database\procs\Populate_Cache.Organization_ActorRoles.sql = Database\procs\Populate_Cache.Organization_ActorRoles.sql
		Database\procs\Populate_Competencies_cache.sql = Database\procs\Populate_Competencies_cache.sql
		Database\procs\Populate_Credential_SummaryCache.sql = Database\procs\Populate_Credential_SummaryCache.sql
		Database\procs\Populate_Entity_SearchIndex.sql = Database\procs\Populate_Entity_SearchIndex.sql
		Database\procs\PopulateSiteMonthlyTotals.sql = Database\procs\PopulateSiteMonthlyTotals.sql
		Database\procs\procs.zip = Database\procs\procs.zip
		Database\procs\udf_GetFirstNumber.sql = Database\procs\udf_GetFirstNumber.sql
		Database\procs\udf_GetNumeric.sql = Database\procs\udf_GetNumeric.sql
	EndProjectSection
EndProject
Project("{FAE04EC0-301F-11D3-BF4B-00C04F79EFBC}") = "Import.Services", "Import.Services\Import.Services.csproj", "{22328DEE-B11F-44AE-ADDE-F85774CB5DC9}"
EndProject
Project("{2150E333-8FDC-42A3-9474-1A3956D46DE8}") = "Documentation", "Documentation", "{94E78B8B-CC47-4EBC-8C4C-AFC2E5A3D44F}"
	ProjectSection(SolutionItems) = preProject
		..\README.md = ..\README.md
	EndProjectSection
EndProject
Project("{FAE04EC0-301F-11D3-BF4B-00C04F79EFBC}") = "CredentialFinderWeb", "CredentialFinderWeb\CredentialFinderWeb.csproj", "{003A7BCF-56CE-4827-A927-46677D06943E}"
EndProject
Project("{2150E333-8FDC-42A3-9474-1A3956D46DE8}") = "FinderServices", "FinderServices", "{B0C2AD2E-EADA-4D0C-835D-1275B12248ED}"
EndProject
Project("{FAE04EC0-301F-11D3-BF4B-00C04F79EFBC}") = "CredentialFinderWebAPI", "FinderServices\CredentialFinderWebAPI\CredentialFinderWebAPI.csproj", "{C38072D9-427F-46FE-B7CD-D774166188A4}"
EndProject
Global
	GlobalSection(SolutionConfigurationPlatforms) = preSolution
		Azure|Any CPU = Azure|Any CPU
		ctiTest|Any CPU = ctiTest|Any CPU
		Debug|Any CPU = Debug|Any CPU
		Github|Any CPU = Github|Any CPU
		Release|Any CPU = Release|Any CPU
		Sandbox|Any CPU = Sandbox|Any CPU
		Staging|Any CPU = Staging|Any CPU
		Test|Any CPU = Test|Any CPU
	EndGlobalSection
	GlobalSection(ProjectConfigurationPlatforms) = postSolution
		{22DB7FDE-7F0B-4A48-9261-1FAB15767CAE}.Azure|Any CPU.ActiveCfg = Debug|Any CPU
		{22DB7FDE-7F0B-4A48-9261-1FAB15767CAE}.Azure|Any CPU.Build.0 = Debug|Any CPU
		{22DB7FDE-7F0B-4A48-9261-1FAB15767CAE}.ctiTest|Any CPU.ActiveCfg = Release|Any CPU
		{22DB7FDE-7F0B-4A48-9261-1FAB15767CAE}.ctiTest|Any CPU.Build.0 = Release|Any CPU
		{22DB7FDE-7F0B-4A48-9261-1FAB15767CAE}.Debug|Any CPU.ActiveCfg = Debug|Any CPU
		{22DB7FDE-7F0B-4A48-9261-1FAB15767CAE}.Debug|Any CPU.Build.0 = Debug|Any CPU
		{22DB7FDE-7F0B-4A48-9261-1FAB15767CAE}.Github|Any CPU.ActiveCfg = Release|Any CPU
		{22DB7FDE-7F0B-4A48-9261-1FAB15767CAE}.Github|Any CPU.Build.0 = Release|Any CPU
		{22DB7FDE-7F0B-4A48-9261-1FAB15767CAE}.Release|Any CPU.ActiveCfg = Release|Any CPU
		{22DB7FDE-7F0B-4A48-9261-1FAB15767CAE}.Release|Any CPU.Build.0 = Release|Any CPU
		{22DB7FDE-7F0B-4A48-9261-1FAB15767CAE}.Sandbox|Any CPU.ActiveCfg = Staging|Any CPU
		{22DB7FDE-7F0B-4A48-9261-1FAB15767CAE}.Sandbox|Any CPU.Build.0 = Staging|Any CPU
		{22DB7FDE-7F0B-4A48-9261-1FAB15767CAE}.Staging|Any CPU.ActiveCfg = Staging|Any CPU
		{22DB7FDE-7F0B-4A48-9261-1FAB15767CAE}.Staging|Any CPU.Build.0 = Staging|Any CPU
		{22DB7FDE-7F0B-4A48-9261-1FAB15767CAE}.Test|Any CPU.ActiveCfg = Release|Any CPU
		{22DB7FDE-7F0B-4A48-9261-1FAB15767CAE}.Test|Any CPU.Build.0 = Release|Any CPU
		{42051501-1140-42D1-A59E-8BE61B7853B0}.Azure|Any CPU.ActiveCfg = Debug|Any CPU
		{42051501-1140-42D1-A59E-8BE61B7853B0}.Azure|Any CPU.Build.0 = Debug|Any CPU
		{42051501-1140-42D1-A59E-8BE61B7853B0}.ctiTest|Any CPU.ActiveCfg = Release|Any CPU
		{42051501-1140-42D1-A59E-8BE61B7853B0}.ctiTest|Any CPU.Build.0 = Release|Any CPU
		{42051501-1140-42D1-A59E-8BE61B7853B0}.Debug|Any CPU.ActiveCfg = Debug|Any CPU
		{42051501-1140-42D1-A59E-8BE61B7853B0}.Debug|Any CPU.Build.0 = Debug|Any CPU
		{42051501-1140-42D1-A59E-8BE61B7853B0}.Github|Any CPU.ActiveCfg = Release|Any CPU
		{42051501-1140-42D1-A59E-8BE61B7853B0}.Github|Any CPU.Build.0 = Release|Any CPU
		{42051501-1140-42D1-A59E-8BE61B7853B0}.Release|Any CPU.ActiveCfg = Release|Any CPU
		{42051501-1140-42D1-A59E-8BE61B7853B0}.Release|Any CPU.Build.0 = Release|Any CPU
		{42051501-1140-42D1-A59E-8BE61B7853B0}.Sandbox|Any CPU.ActiveCfg = Staging|Any CPU
		{42051501-1140-42D1-A59E-8BE61B7853B0}.Sandbox|Any CPU.Build.0 = Staging|Any CPU
		{42051501-1140-42D1-A59E-8BE61B7853B0}.Staging|Any CPU.ActiveCfg = Release|Any CPU
		{42051501-1140-42D1-A59E-8BE61B7853B0}.Staging|Any CPU.Build.0 = Release|Any CPU
		{42051501-1140-42D1-A59E-8BE61B7853B0}.Test|Any CPU.ActiveCfg = Release|Any CPU
		{42051501-1140-42D1-A59E-8BE61B7853B0}.Test|Any CPU.Build.0 = Release|Any CPU
		{7F2454E1-4CEE-4955-9B84-B5645414BD6A}.Azure|Any CPU.ActiveCfg = Debug|Any CPU
		{7F2454E1-4CEE-4955-9B84-B5645414BD6A}.Azure|Any CPU.Build.0 = Debug|Any CPU
		{7F2454E1-4CEE-4955-9B84-B5645414BD6A}.ctiTest|Any CPU.ActiveCfg = Release|Any CPU
		{7F2454E1-4CEE-4955-9B84-B5645414BD6A}.ctiTest|Any CPU.Build.0 = Release|Any CPU
		{7F2454E1-4CEE-4955-9B84-B5645414BD6A}.Debug|Any CPU.ActiveCfg = Debug|Any CPU
		{7F2454E1-4CEE-4955-9B84-B5645414BD6A}.Debug|Any CPU.Build.0 = Debug|Any CPU
		{7F2454E1-4CEE-4955-9B84-B5645414BD6A}.Github|Any CPU.ActiveCfg = Release|Any CPU
		{7F2454E1-4CEE-4955-9B84-B5645414BD6A}.Github|Any CPU.Build.0 = Release|Any CPU
		{7F2454E1-4CEE-4955-9B84-B5645414BD6A}.Release|Any CPU.ActiveCfg = Release|Any CPU
		{7F2454E1-4CEE-4955-9B84-B5645414BD6A}.Release|Any CPU.Build.0 = Release|Any CPU
		{7F2454E1-4CEE-4955-9B84-B5645414BD6A}.Sandbox|Any CPU.ActiveCfg = Staging|Any CPU
		{7F2454E1-4CEE-4955-9B84-B5645414BD6A}.Sandbox|Any CPU.Build.0 = Staging|Any CPU
		{7F2454E1-4CEE-4955-9B84-B5645414BD6A}.Staging|Any CPU.ActiveCfg = Release|Any CPU
		{7F2454E1-4CEE-4955-9B84-B5645414BD6A}.Staging|Any CPU.Build.0 = Release|Any CPU
		{7F2454E1-4CEE-4955-9B84-B5645414BD6A}.Test|Any CPU.ActiveCfg = Release|Any CPU
		{7F2454E1-4CEE-4955-9B84-B5645414BD6A}.Test|Any CPU.Build.0 = Release|Any CPU
		{68E38652-32B7-4D9A-BA53-0FA5D58A6E0D}.Azure|Any CPU.ActiveCfg = Debug|Any CPU
		{68E38652-32B7-4D9A-BA53-0FA5D58A6E0D}.Azure|Any CPU.Build.0 = Debug|Any CPU
		{68E38652-32B7-4D9A-BA53-0FA5D58A6E0D}.ctiTest|Any CPU.ActiveCfg = Release|Any CPU
		{68E38652-32B7-4D9A-BA53-0FA5D58A6E0D}.ctiTest|Any CPU.Build.0 = Release|Any CPU
		{68E38652-32B7-4D9A-BA53-0FA5D58A6E0D}.Debug|Any CPU.ActiveCfg = Debug|Any CPU
		{68E38652-32B7-4D9A-BA53-0FA5D58A6E0D}.Debug|Any CPU.Build.0 = Debug|Any CPU
		{68E38652-32B7-4D9A-BA53-0FA5D58A6E0D}.Github|Any CPU.ActiveCfg = Release|Any CPU
		{68E38652-32B7-4D9A-BA53-0FA5D58A6E0D}.Github|Any CPU.Build.0 = Release|Any CPU
		{68E38652-32B7-4D9A-BA53-0FA5D58A6E0D}.Release|Any CPU.ActiveCfg = Release|Any CPU
		{68E38652-32B7-4D9A-BA53-0FA5D58A6E0D}.Release|Any CPU.Build.0 = Release|Any CPU
		{68E38652-32B7-4D9A-BA53-0FA5D58A6E0D}.Sandbox|Any CPU.ActiveCfg = Staging|Any CPU
		{68E38652-32B7-4D9A-BA53-0FA5D58A6E0D}.Sandbox|Any CPU.Build.0 = Staging|Any CPU
		{68E38652-32B7-4D9A-BA53-0FA5D58A6E0D}.Staging|Any CPU.ActiveCfg = Release|Any CPU
		{68E38652-32B7-4D9A-BA53-0FA5D58A6E0D}.Staging|Any CPU.Build.0 = Release|Any CPU
		{68E38652-32B7-4D9A-BA53-0FA5D58A6E0D}.Test|Any CPU.ActiveCfg = Release|Any CPU
		{68E38652-32B7-4D9A-BA53-0FA5D58A6E0D}.Test|Any CPU.Build.0 = Release|Any CPU
		{6163F6A4-E139-4CF5-AB59-B6E8508C9EC0}.Azure|Any CPU.ActiveCfg = Debug|Any CPU
		{6163F6A4-E139-4CF5-AB59-B6E8508C9EC0}.Azure|Any CPU.Build.0 = Debug|Any CPU
		{6163F6A4-E139-4CF5-AB59-B6E8508C9EC0}.ctiTest|Any CPU.ActiveCfg = Release|Any CPU
		{6163F6A4-E139-4CF5-AB59-B6E8508C9EC0}.ctiTest|Any CPU.Build.0 = Release|Any CPU
		{6163F6A4-E139-4CF5-AB59-B6E8508C9EC0}.Debug|Any CPU.ActiveCfg = Debug|Any CPU
		{6163F6A4-E139-4CF5-AB59-B6E8508C9EC0}.Debug|Any CPU.Build.0 = Debug|Any CPU
		{6163F6A4-E139-4CF5-AB59-B6E8508C9EC0}.Github|Any CPU.ActiveCfg = Release|Any CPU
		{6163F6A4-E139-4CF5-AB59-B6E8508C9EC0}.Github|Any CPU.Build.0 = Release|Any CPU
		{6163F6A4-E139-4CF5-AB59-B6E8508C9EC0}.Release|Any CPU.ActiveCfg = Release|Any CPU
		{6163F6A4-E139-4CF5-AB59-B6E8508C9EC0}.Release|Any CPU.Build.0 = Release|Any CPU
		{6163F6A4-E139-4CF5-AB59-B6E8508C9EC0}.Sandbox|Any CPU.ActiveCfg = Staging|Any CPU
		{6163F6A4-E139-4CF5-AB59-B6E8508C9EC0}.Sandbox|Any CPU.Build.0 = Staging|Any CPU
		{6163F6A4-E139-4CF5-AB59-B6E8508C9EC0}.Staging|Any CPU.ActiveCfg = Staging|Any CPU
		{6163F6A4-E139-4CF5-AB59-B6E8508C9EC0}.Staging|Any CPU.Build.0 = Staging|Any CPU
		{6163F6A4-E139-4CF5-AB59-B6E8508C9EC0}.Test|Any CPU.ActiveCfg = Release|Any CPU
		{6163F6A4-E139-4CF5-AB59-B6E8508C9EC0}.Test|Any CPU.Build.0 = Release|Any CPU
		{EA37CBF4-045B-471A-B8B6-AF2BA7586722}.Azure|Any CPU.ActiveCfg = Debug|Any CPU
		{EA37CBF4-045B-471A-B8B6-AF2BA7586722}.Azure|Any CPU.Build.0 = Debug|Any CPU
		{EA37CBF4-045B-471A-B8B6-AF2BA7586722}.ctiTest|Any CPU.ActiveCfg = Release|Any CPU
		{EA37CBF4-045B-471A-B8B6-AF2BA7586722}.ctiTest|Any CPU.Build.0 = Release|Any CPU
		{EA37CBF4-045B-471A-B8B6-AF2BA7586722}.Debug|Any CPU.ActiveCfg = Debug|Any CPU
		{EA37CBF4-045B-471A-B8B6-AF2BA7586722}.Debug|Any CPU.Build.0 = Debug|Any CPU
		{EA37CBF4-045B-471A-B8B6-AF2BA7586722}.Github|Any CPU.ActiveCfg = Release|Any CPU
		{EA37CBF4-045B-471A-B8B6-AF2BA7586722}.Github|Any CPU.Build.0 = Release|Any CPU
		{EA37CBF4-045B-471A-B8B6-AF2BA7586722}.Release|Any CPU.ActiveCfg = Release|Any CPU
		{EA37CBF4-045B-471A-B8B6-AF2BA7586722}.Release|Any CPU.Build.0 = Release|Any CPU
		{EA37CBF4-045B-471A-B8B6-AF2BA7586722}.Sandbox|Any CPU.ActiveCfg = Staging|Any CPU
		{EA37CBF4-045B-471A-B8B6-AF2BA7586722}.Sandbox|Any CPU.Build.0 = Staging|Any CPU
		{EA37CBF4-045B-471A-B8B6-AF2BA7586722}.Staging|Any CPU.ActiveCfg = Release|Any CPU
		{EA37CBF4-045B-471A-B8B6-AF2BA7586722}.Staging|Any CPU.Build.0 = Release|Any CPU
		{EA37CBF4-045B-471A-B8B6-AF2BA7586722}.Test|Any CPU.ActiveCfg = Release|Any CPU
		{EA37CBF4-045B-471A-B8B6-AF2BA7586722}.Test|Any CPU.Build.0 = Release|Any CPU
		{20D47ADB-2817-4DEF-9BD6-FA74EDEA9500}.Azure|Any CPU.ActiveCfg = Debug|Any CPU
		{20D47ADB-2817-4DEF-9BD6-FA74EDEA9500}.Azure|Any CPU.Build.0 = Debug|Any CPU
		{20D47ADB-2817-4DEF-9BD6-FA74EDEA9500}.ctiTest|Any CPU.ActiveCfg = Release|Any CPU
		{20D47ADB-2817-4DEF-9BD6-FA74EDEA9500}.ctiTest|Any CPU.Build.0 = Release|Any CPU
		{20D47ADB-2817-4DEF-9BD6-FA74EDEA9500}.Debug|Any CPU.ActiveCfg = Debug|Any CPU
		{20D47ADB-2817-4DEF-9BD6-FA74EDEA9500}.Debug|Any CPU.Build.0 = Debug|Any CPU
		{20D47ADB-2817-4DEF-9BD6-FA74EDEA9500}.Github|Any CPU.ActiveCfg = Release|Any CPU
		{20D47ADB-2817-4DEF-9BD6-FA74EDEA9500}.Github|Any CPU.Build.0 = Release|Any CPU
		{20D47ADB-2817-4DEF-9BD6-FA74EDEA9500}.Release|Any CPU.ActiveCfg = Release|Any CPU
		{20D47ADB-2817-4DEF-9BD6-FA74EDEA9500}.Release|Any CPU.Build.0 = Release|Any CPU
		{20D47ADB-2817-4DEF-9BD6-FA74EDEA9500}.Sandbox|Any CPU.ActiveCfg = Staging|Any CPU
		{20D47ADB-2817-4DEF-9BD6-FA74EDEA9500}.Sandbox|Any CPU.Build.0 = Staging|Any CPU
		{20D47ADB-2817-4DEF-9BD6-FA74EDEA9500}.Staging|Any CPU.ActiveCfg = Staging|Any CPU
		{20D47ADB-2817-4DEF-9BD6-FA74EDEA9500}.Staging|Any CPU.Build.0 = Staging|Any CPU
		{20D47ADB-2817-4DEF-9BD6-FA74EDEA9500}.Test|Any CPU.ActiveCfg = Release|Any CPU
		{20D47ADB-2817-4DEF-9BD6-FA74EDEA9500}.Test|Any CPU.Build.0 = Release|Any CPU
		{F3D22B73-F5AE-48E3-84E3-8521731E0FEA}.Azure|Any CPU.ActiveCfg = Release|Any CPU
		{F3D22B73-F5AE-48E3-84E3-8521731E0FEA}.Azure|Any CPU.Build.0 = Release|Any CPU
		{F3D22B73-F5AE-48E3-84E3-8521731E0FEA}.ctiTest|Any CPU.ActiveCfg = Release|Any CPU
		{F3D22B73-F5AE-48E3-84E3-8521731E0FEA}.ctiTest|Any CPU.Build.0 = Release|Any CPU
		{F3D22B73-F5AE-48E3-84E3-8521731E0FEA}.Debug|Any CPU.ActiveCfg = Debug|Any CPU
		{F3D22B73-F5AE-48E3-84E3-8521731E0FEA}.Debug|Any CPU.Build.0 = Debug|Any CPU
		{F3D22B73-F5AE-48E3-84E3-8521731E0FEA}.Github|Any CPU.ActiveCfg = Release|Any CPU
		{F3D22B73-F5AE-48E3-84E3-8521731E0FEA}.Github|Any CPU.Build.0 = Release|Any CPU
		{F3D22B73-F5AE-48E3-84E3-8521731E0FEA}.Release|Any CPU.ActiveCfg = Release|Any CPU
		{F3D22B73-F5AE-48E3-84E3-8521731E0FEA}.Release|Any CPU.Build.0 = Release|Any CPU
		{F3D22B73-F5AE-48E3-84E3-8521731E0FEA}.Sandbox|Any CPU.ActiveCfg = Staging|Any CPU
		{F3D22B73-F5AE-48E3-84E3-8521731E0FEA}.Sandbox|Any CPU.Build.0 = Staging|Any CPU
		{F3D22B73-F5AE-48E3-84E3-8521731E0FEA}.Staging|Any CPU.ActiveCfg = Debug|Any CPU
		{F3D22B73-F5AE-48E3-84E3-8521731E0FEA}.Staging|Any CPU.Build.0 = Debug|Any CPU
		{F3D22B73-F5AE-48E3-84E3-8521731E0FEA}.Test|Any CPU.ActiveCfg = Release|Any CPU
		{F3D22B73-F5AE-48E3-84E3-8521731E0FEA}.Test|Any CPU.Build.0 = Release|Any CPU
		{22328DEE-B11F-44AE-ADDE-F85774CB5DC9}.Azure|Any CPU.ActiveCfg = Staging|Any CPU
		{22328DEE-B11F-44AE-ADDE-F85774CB5DC9}.Azure|Any CPU.Build.0 = Staging|Any CPU
		{22328DEE-B11F-44AE-ADDE-F85774CB5DC9}.ctiTest|Any CPU.ActiveCfg = Staging|Any CPU
		{22328DEE-B11F-44AE-ADDE-F85774CB5DC9}.ctiTest|Any CPU.Build.0 = Staging|Any CPU
		{22328DEE-B11F-44AE-ADDE-F85774CB5DC9}.Debug|Any CPU.ActiveCfg = Debug|Any CPU
		{22328DEE-B11F-44AE-ADDE-F85774CB5DC9}.Debug|Any CPU.Build.0 = Debug|Any CPU
		{22328DEE-B11F-44AE-ADDE-F85774CB5DC9}.Github|Any CPU.ActiveCfg = Staging|Any CPU
		{22328DEE-B11F-44AE-ADDE-F85774CB5DC9}.Github|Any CPU.Build.0 = Staging|Any CPU
		{22328DEE-B11F-44AE-ADDE-F85774CB5DC9}.Release|Any CPU.ActiveCfg = Release|Any CPU
		{22328DEE-B11F-44AE-ADDE-F85774CB5DC9}.Release|Any CPU.Build.0 = Release|Any CPU
		{22328DEE-B11F-44AE-ADDE-F85774CB5DC9}.Sandbox|Any CPU.ActiveCfg = Staging|Any CPU
		{22328DEE-B11F-44AE-ADDE-F85774CB5DC9}.Sandbox|Any CPU.Build.0 = Staging|Any CPU
		{22328DEE-B11F-44AE-ADDE-F85774CB5DC9}.Staging|Any CPU.ActiveCfg = Staging|Any CPU
		{22328DEE-B11F-44AE-ADDE-F85774CB5DC9}.Staging|Any CPU.Build.0 = Staging|Any CPU
		{22328DEE-B11F-44AE-ADDE-F85774CB5DC9}.Test|Any CPU.ActiveCfg = Staging|Any CPU
		{22328DEE-B11F-44AE-ADDE-F85774CB5DC9}.Test|Any CPU.Build.0 = Staging|Any CPU
		{003A7BCF-56CE-4827-A927-46677D06943E}.Azure|Any CPU.ActiveCfg = Debug|Any CPU
		{003A7BCF-56CE-4827-A927-46677D06943E}.Azure|Any CPU.Build.0 = Debug|Any CPU
		{003A7BCF-56CE-4827-A927-46677D06943E}.ctiTest|Any CPU.ActiveCfg = Debug|Any CPU
		{003A7BCF-56CE-4827-A927-46677D06943E}.ctiTest|Any CPU.Build.0 = Debug|Any CPU
		{003A7BCF-56CE-4827-A927-46677D06943E}.Debug|Any CPU.ActiveCfg = Debug|Any CPU
		{003A7BCF-56CE-4827-A927-46677D06943E}.Debug|Any CPU.Build.0 = Debug|Any CPU
		{003A7BCF-56CE-4827-A927-46677D06943E}.Github|Any CPU.ActiveCfg = Debug|Any CPU
		{003A7BCF-56CE-4827-A927-46677D06943E}.Github|Any CPU.Build.0 = Debug|Any CPU
		{003A7BCF-56CE-4827-A927-46677D06943E}.Release|Any CPU.ActiveCfg = Release|Any CPU
		{003A7BCF-56CE-4827-A927-46677D06943E}.Release|Any CPU.Build.0 = Release|Any CPU
		{003A7BCF-56CE-4827-A927-46677D06943E}.Sandbox|Any CPU.ActiveCfg = Release|Any CPU
		{003A7BCF-56CE-4827-A927-46677D06943E}.Sandbox|Any CPU.Build.0 = Release|Any CPU
		{003A7BCF-56CE-4827-A927-46677D06943E}.Staging|Any CPU.ActiveCfg = Debug|Any CPU
		{003A7BCF-56CE-4827-A927-46677D06943E}.Staging|Any CPU.Build.0 = Debug|Any CPU
		{003A7BCF-56CE-4827-A927-46677D06943E}.Test|Any CPU.ActiveCfg = Debug|Any CPU
		{003A7BCF-56CE-4827-A927-46677D06943E}.Test|Any CPU.Build.0 = Debug|Any CPU
		{C38072D9-427F-46FE-B7CD-D774166188A4}.Azure|Any CPU.ActiveCfg = Debug|Any CPU
		{C38072D9-427F-46FE-B7CD-D774166188A4}.Azure|Any CPU.Build.0 = Debug|Any CPU
		{C38072D9-427F-46FE-B7CD-D774166188A4}.ctiTest|Any CPU.ActiveCfg = Debug|Any CPU
		{C38072D9-427F-46FE-B7CD-D774166188A4}.ctiTest|Any CPU.Build.0 = Debug|Any CPU
		{C38072D9-427F-46FE-B7CD-D774166188A4}.Debug|Any CPU.ActiveCfg = Debug|Any CPU
		{C38072D9-427F-46FE-B7CD-D774166188A4}.Debug|Any CPU.Build.0 = Debug|Any CPU
		{C38072D9-427F-46FE-B7CD-D774166188A4}.Github|Any CPU.ActiveCfg = Debug|Any CPU
		{C38072D9-427F-46FE-B7CD-D774166188A4}.Github|Any CPU.Build.0 = Debug|Any CPU
		{C38072D9-427F-46FE-B7CD-D774166188A4}.Release|Any CPU.ActiveCfg = Release|Any CPU
		{C38072D9-427F-46FE-B7CD-D774166188A4}.Release|Any CPU.Build.0 = Release|Any CPU
		{C38072D9-427F-46FE-B7CD-D774166188A4}.Sandbox|Any CPU.ActiveCfg = Sandbox|Any CPU
		{C38072D9-427F-46FE-B7CD-D774166188A4}.Sandbox|Any CPU.Build.0 = Sandbox|Any CPU
		{C38072D9-427F-46FE-B7CD-D774166188A4}.Staging|Any CPU.ActiveCfg = Staging|Any CPU
		{C38072D9-427F-46FE-B7CD-D774166188A4}.Staging|Any CPU.Build.0 = Staging|Any CPU
		{C38072D9-427F-46FE-B7CD-D774166188A4}.Test|Any CPU.ActiveCfg = Debug|Any CPU
		{C38072D9-427F-46FE-B7CD-D774166188A4}.Test|Any CPU.Build.0 = Debug|Any CPU
	EndGlobalSection
	GlobalSection(SolutionProperties) = preSolution
		HideSolutionNode = FALSE
	EndGlobalSection
	GlobalSection(NestedProjects) = preSolution
		{6163F6A4-E139-4CF5-AB59-B6E8508C9EC0} = {1EB97E68-92C7-4BB0-9443-7507B092FDA6}
		{20D47ADB-2817-4DEF-9BD6-FA74EDEA9500} = {1EB97E68-92C7-4BB0-9443-7507B092FDA6}
		{F3D22B73-F5AE-48E3-84E3-8521731E0FEA} = {12E8498D-B893-44C1-AB6A-A16564FA9E7C}
		{EF9DDCCD-4310-4A38-AA77-80699934004A} = {91E8EFE2-EA3E-433D-801B-02EAF83ACEB6}
		{22328DEE-B11F-44AE-ADDE-F85774CB5DC9} = {1EB97E68-92C7-4BB0-9443-7507B092FDA6}
		{C38072D9-427F-46FE-B7CD-D774166188A4} = {B0C2AD2E-EADA-4D0C-835D-1275B12248ED}
	EndGlobalSection
	GlobalSection(ExtensibilityGlobals) = postSolution
		SolutionGuid = {B64A0AE6-119D-43C5-8A69-346846E431C5}
	EndGlobalSection
EndGlobal
