
Microsoft Visual Studio Solution File, Format Version 12.00
# Visual Studio Version 17
VisualStudioVersion = 17.6.33829.357
MinimumVisualStudioVersion = 10.0.40219.1
Project("{FAE04EC0-301F-11D3-BF4B-00C04F79EFBC}") = "workIT.Data", "workIT.Data\workIT.Data.csproj", "{22DB7FDE-7F0B-4A48-9261-1FAB15767CAE}"
EndProject
Project("{FAE04EC0-301F-11D3-BF4B-00C04F79EFBC}") = "workIT.Factories", "workIT.Factories\workIT.Factories.csproj", "{42051501-1140-42D1-A59E-8BE61B7853B0}"
EndProject
Project("{FAE04EC0-301F-11D3-BF4B-00C04F79EFBC}") = "workIT.Models", "workIT.Models\workIT.Models.csproj", "{7F2454E1-4CEE-4955-9B84-B5645414BD6A}"
EndProject
Project("{FAE04EC0-301F-11D3-BF4B-00C04F79EFBC}") = "workIT.Services", "workIT.Services\workIT.Services.csproj", "{68E38652-32B7-4D9A-BA53-0FA5D58A6E0D}"
EndProject
Project("{2150E333-8FDC-42A3-9474-1A3956D46DE8}") = "Import", "Import", "{1EB97E68-92C7-4BB0-9443-7507B092FDA6}"
EndProject
Project("{FAE04EC0-301F-11D3-BF4B-00C04F79EFBC}") = "CTI.Import", "Import\CTI.Import.csproj", "{6163F6A4-E139-4CF5-AB59-B6E8508C9EC0}"
EndProject
Project("{FAE04EC0-301F-11D3-BF4B-00C04F79EFBC}") = "workIT.Utilities", "WorkIT.Utilities\workIT.Utilities.csproj", "{EA37CBF4-045B-471A-B8B6-AF2BA7586722}"
EndProject
Project("{FAE04EC0-301F-11D3-BF4B-00C04F79EFBC}") = "ImportHelpers", "ImportHelpers\Helpers\ImportHelpers.csproj", "{20D47ADB-2817-4DEF-9BD6-FA74EDEA9500}"
EndProject
Project("{2150E333-8FDC-42A3-9474-1A3956D46DE8}") = "Tools", "Tools", "{12E8498D-B893-44C1-AB6A-A16564FA9E7C}"
EndProject
Project("{FAE04EC0-301F-11D3-BF4B-00C04F79EFBC}") = "ElasticIndexBuild", "Tools\ElasticIndexBuild\ElasticIndexBuild.csproj", "{F3D22B73-F5AE-48E3-84E3-8521731E0FEA}"
EndProject
Project("{2150E333-8FDC-42A3-9474-1A3956D46DE8}") = "Database", "Database", "{91E8EFE2-EA3E-433D-801B-02EAF83ACEB6}"
	ProjectSection(SolutionItems) = preProject
		Database\CE_EXTERNAL_210127.zip = Database\CE_EXTERNAL_210127.zip
		Database\credFinderGithub210305.zip = Database\credFinderGithub210305.zip
		Database\restore_CE_ExternalData.sql = Database\restore_CE_ExternalData.sql
		Database\Restore_credFinder.sql = Database\Restore_credFinder.sql
	EndProjectSection
EndProject
Project("{2150E333-8FDC-42A3-9474-1A3956D46DE8}") = "procs", "procs", "{EF9DDCCD-4310-4A38-AA77-80699934004A}"
	ProjectSection(SolutionItems) = preProject
		Database\procs\Activity_Search.sql = Database\procs\Activity_Search.sql
		Database\procs\Assessment.ElasticSearch.sql = Database\procs\Assessment.ElasticSearch.sql
		Database\procs\Assessment_Search.sql = Database\procs\Assessment_Search.sql
		Database\procs\CodeTables_UpdateTotals.sql = Database\procs\CodeTables_UpdateTotals.sql
		Database\procs\CodeTables_UpdateTotalsV2.sql = Database\procs\CodeTables_UpdateTotalsV2.sql
		Database\procs\Competencies_search.sql = Database\procs\Competencies_search.sql
		Database\procs\ConditionManifest_Search.sql = Database\procs\ConditionManifest_Search.sql
		Database\procs\CostManifest_Search.sql = Database\procs\CostManifest_Search.sql
		Database\procs\CostProfileItems_search.sql = Database\procs\CostProfileItems_search.sql
		Database\procs\CreateTableClass.sql = Database\procs\CreateTableClass.sql
		Database\procs\Credential.ElasticSearch.sql = Database\procs\Credential.ElasticSearch.sql
		Database\procs\Credential.Search.sql = Database\procs\Credential.Search.sql
		Database\procs\Credentials_Export.sql = Database\procs\Credentials_Export.sql
		Database\procs\EntityTotals_UpdateMonth.sql = Database\procs\EntityTotals_UpdateMonth.sql
		Database\procs\Entity_Cache_Populate.sql = Database\procs\Entity_Cache_Populate.sql
		Database\procs\Entity_ReferenceConnection_Populate.sql = Database\procs\Entity_ReferenceConnection_Populate.sql
		Database\procs\Import.EntityResolution_SetResolved.sql = Database\procs\Import.EntityResolution_SetResolved.sql
		Database\procs\Import_EntityResolution_RemoveDuplicates.sql = Database\procs\Import_EntityResolution_RemoveDuplicates.sql
		Database\procs\LearningOpportunity.ElasticSearch.sql = Database\procs\LearningOpportunity.ElasticSearch.sql
		Database\procs\LearningOpportunity_Search.sql = Database\procs\LearningOpportunity_Search.sql
		Database\procs\Organization.ElasticSearch.sql = Database\procs\Organization.ElasticSearch.sql
		Database\procs\OrganizationSearch.sql = Database\procs\OrganizationSearch.sql
		Database\procs\PopulateSiteMonthlyTotals.sql = Database\procs\PopulateSiteMonthlyTotals.sql
		Database\procs\Populate_AllCaches.sql = Database\procs\Populate_AllCaches.sql
		Database\procs\Populate_Cache.Organization_ActorRoles.sql = Database\procs\Populate_Cache.Organization_ActorRoles.sql
		Database\procs\Populate_Competencies_cache.sql = Database\procs\Populate_Competencies_cache.sql
		Database\procs\Populate_Credential_SummaryCache.sql = Database\procs\Populate_Credential_SummaryCache.sql
		Database\procs\Populate_Entity_SearchIndex.sql = Database\procs\Populate_Entity_SearchIndex.sql
	EndProjectSection
EndProject
Project("{FAE04EC0-301F-11D3-BF4B-00C04F79EFBC}") = "Import.Services", "Import.Services\Import.Services.csproj", "{22328DEE-B11F-44AE-ADDE-F85774CB5DC9}"
EndProject
Project("{2150E333-8FDC-42A3-9474-1A3956D46DE8}") = "Documentation", "Documentation", "{94E78B8B-CC47-4EBC-8C4C-AFC2E5A3D44F}"
	ProjectSection(SolutionItems) = preProject
		..\README.md = ..\README.md
	EndProjectSection
EndProject
Project("{FAE04EC0-301F-11D3-BF4B-00C04F79EFBC}") = "CredentialFinderWeb", "CredentialFinderWeb\CredentialFinderWeb.csproj", "{C4C0768C-847D-4BAE-BA97-4B2CDEF9EE65}"
EndProject
Project("{2150E333-8FDC-42A3-9474-1A3956D46DE8}") = "FinderServices", "FinderServices", "{B0C2AD2E-EADA-4D0C-835D-1275B12248ED}"
EndProject
Project("{FAE04EC0-301F-11D3-BF4B-00C04F79EFBC}") = "CredentialFinderWebAPI", "FinderServices\CredentialFinderWebAPI\CredentialFinderWebAPI.csproj", "{C38072D9-427F-46FE-B7CD-D774166188A4}"
EndProject
Project("{2150E333-8FDC-42A3-9474-1A3956D46DE8}") = "release", "release", "{3C6AF467-9BDE-44E2-A93B-E2C621BDF053}"
	ProjectSection(SolutionItems) = preProject
		..\release\CE_ExternalData_220517.zip = ..\release\CE_ExternalData_220517.zip
		..\release\CE_ExternalData_backup_2023_09_14.zip = ..\release\CE_ExternalData_backup_2023_09_14.zip
		..\release\CTI.Import.exe.config = ..\release\CTI.Import.exe.config
		..\release\readme.md = ..\release\readme.md
		..\release\restore_CE_ExternalData.sql = ..\release\restore_CE_ExternalData.sql
		..\release\Restore_credFinder.sql = ..\release\Restore_credFinder.sql
	EndProjectSection
EndProject
Project("{2150E333-8FDC-42A3-9474-1A3956D46DE8}") = "2022-04-05", "2022-04-05", "{6AAD7062-93F3-430D-A025-B22C8E3C4F61}"
	ProjectSection(SolutionItems) = preProject
		..\release\2022-04-05\credFinderGithub_220405.zip = ..\release\2022-04-05\credFinderGithub_220405.zip
		..\release\2022-04-05\CTI.Import_3_0_0_82.zip = ..\release\2022-04-05\CTI.Import_3_0_0_82.zip
	EndProjectSection
EndProject
Project("{2150E333-8FDC-42A3-9474-1A3956D46DE8}") = "2021-12-03", "2021-12-03", "{3F58A786-B1BD-485B-9FA7-B8E2B231995D}"
	ProjectSection(SolutionItems) = preProject
		..\release\2021-12-03\credFinderGithub_210507.zip = ..\release\2021-12-03\credFinderGithub_210507.zip
		..\release\2021-12-03\CTI.Import_3_0_0_64.zip = ..\release\2021-12-03\CTI.Import_3_0_0_64.zip
		..\release\2021-12-03\readme.md = ..\release\2021-12-03\readme.md
	EndProjectSection
EndProject
Project("{2150E333-8FDC-42A3-9474-1A3956D46DE8}") = "2022-04-27", "2022-04-27", "{42A73BBC-AF4E-4827-A984-D2CE93E52569}"
	ProjectSection(SolutionItems) = preProject
		..\release\2022-04-27\credFinderGithub_220427.zip = ..\release\2022-04-27\credFinderGithub_220427.zip
		..\release\2022-04-27\CTI.Import_22-04-26.zip = ..\release\2022-04-27\CTI.Import_22-04-26.zip
		..\release\2022-04-27\CTI.Import_22-04-26_UpdatedConfig.zip = ..\release\2022-04-27\CTI.Import_22-04-26_UpdatedConfig.zip
		..\release\2022-04-27\README.md = ..\release\2022-04-27\README.md
	EndProjectSection
EndProject
Project("{2150E333-8FDC-42A3-9474-1A3956D46DE8}") = "2022-05-27", "2022-05-27", "{8BAAB9C2-5418-4F0F-A0D5-0E0AE0A3D5FA}"
	ProjectSection(SolutionItems) = preProject
		..\release\2022-05-27\credFinderGithub_220527.zip = ..\release\2022-05-27\credFinderGithub_220527.zip
		..\release\2022-05-27\CTI.Import_22-05-27.zip = ..\release\2022-05-27\CTI.Import_22-05-27.zip
	EndProjectSection
EndProject
Project("{2150E333-8FDC-42A3-9474-1A3956D46DE8}") = "2022-08-30", "2022-08-30", "{82172126-598F-4DA9-BCB7-58941C4B71A9}"
	ProjectSection(SolutionItems) = preProject
		..\release\2022-08-30\credFinder_github220830Correction.zip = ..\release\2022-08-30\credFinder_github220830Correction.zip
		..\release\2022-08-30\CTI.Import_22-08-30.zip = ..\release\2022-08-30\CTI.Import_22-08-30.zip
		..\release\2022-08-30\DatabaseUpdates.zip = ..\release\2022-08-30\DatabaseUpdates.zip
	EndProjectSection
EndProject
Project("{2150E333-8FDC-42A3-9474-1A3956D46DE8}") = "DatabaseUpdates", "DatabaseUpdates", "{0664EAF4-083D-4AE1-AF95-B4DB77145902}"
EndProject
Project("{2150E333-8FDC-42A3-9474-1A3956D46DE8}") = "Solution Items", "Solution Items", "{3E158030-A38A-49A0-BDD9-DCE6FFFFE57D}"
	ProjectSection(SolutionItems) = preProject
		..\README.md = ..\README.md
	EndProjectSection
EndProject
Project("{2150E333-8FDC-42A3-9474-1A3956D46DE8}") = "2023-09-13", "2023-09-13", "{8E743246-7542-4C49-9A8B-C256CEFCC9D5}"
	ProjectSection(SolutionItems) = preProject
		..\release\2023-09-13\credfinder_Github_23-09-13.zip = ..\release\2023-09-13\credfinder_Github_23-09-13.zip
		..\release\2023-09-13\CTI.Import_23-09-13.zip = ..\release\2023-09-13\CTI.Import_23-09-13.zip
		..\release\2023-09-13\DatabaseUpdates.zip = ..\release\2023-09-13\DatabaseUpdates.zip
		..\release\2023-09-13\readme.md = ..\release\2023-09-13\readme.md
	EndProjectSection
EndProject
Project("{2150E333-8FDC-42A3-9474-1A3956D46DE8}") = "DatabaseScripts", "DatabaseScripts", "{AFB883AB-0989-4902-AC84-BBE7A6B514C1}"
	ProjectSection(SolutionItems) = preProject
		..\release\DatabaseScripts\CodesProperty.Summary.sql = ..\release\DatabaseScripts\CodesProperty.Summary.sql
		..\release\DatabaseScripts\Credential_BasicSummary_export.sql = ..\release\DatabaseScripts\Credential_BasicSummary_export.sql
		..\release\DatabaseScripts\Credential_Export.sql = ..\release\DatabaseScripts\Credential_Export.sql
		..\release\DatabaseScripts\DataSetProfileSummary.sql = ..\release\DatabaseScripts\DataSetProfileSummary.sql
		..\release\DatabaseScripts\Entity.ProgramsCSV.sql = ..\release\DatabaseScripts\Entity.ProgramsCSV.sql
		..\release\DatabaseScripts\EntityProperty_Summary.sql = ..\release\DatabaseScripts\EntityProperty_Summary.sql
		..\release\DatabaseScripts\Entity_DurationProfileSummary.sql = ..\release\DatabaseScripts\Entity_DurationProfileSummary.sql
		..\release\DatabaseScripts\Entity_Reference_Summary.sql = ..\release\DatabaseScripts\Entity_Reference_Summary.sql
		..\release\DatabaseScripts\LearningOpportunity_Summary_export.sql = ..\release\DatabaseScripts\LearningOpportunity_Summary_export.sql
		..\release\DatabaseScripts\Organization_Summary_export.sql = ..\release\DatabaseScripts\Organization_Summary_export.sql
	EndProjectSection
EndProject
Project("{2150E333-8FDC-42A3-9474-1A3956D46DE8}") = "2024-06-30", "2024-06-30", "{CA3D552F-6BAD-437F-8162-7139522E6D6C}"
EndProject
Global
	GlobalSection(SolutionConfigurationPlatforms) = preSolution
		Azure|Any CPU = Azure|Any CPU
		ctiTest|Any CPU = ctiTest|Any CPU
		Debug|Any CPU = Debug|Any CPU
		Github|Any CPU = Github|Any CPU
		Release|Any CPU = Release|Any CPU
		Sandbox|Any CPU = Sandbox|Any CPU
		Staging|Any CPU = Staging|Any CPU
		Test|Any CPU = Test|Any CPU
	EndGlobalSection
	GlobalSection(ProjectConfigurationPlatforms) = postSolution
		{22DB7FDE-7F0B-4A48-9261-1FAB15767CAE}.Azure|Any CPU.ActiveCfg = Debug|Any CPU
		{22DB7FDE-7F0B-4A48-9261-1FAB15767CAE}.Azure|Any CPU.Build.0 = Debug|Any CPU
		{22DB7FDE-7F0B-4A48-9261-1FAB15767CAE}.ctiTest|Any CPU.ActiveCfg = Release|Any CPU
		{22DB7FDE-7F0B-4A48-9261-1FAB15767CAE}.ctiTest|Any CPU.Build.0 = Release|Any CPU
		{22DB7FDE-7F0B-4A48-9261-1FAB15767CAE}.Debug|Any CPU.ActiveCfg = Debug|Any CPU
		{22DB7FDE-7F0B-4A48-9261-1FAB15767CAE}.Debug|Any CPU.Build.0 = Debug|Any CPU
		{22DB7FDE-7F0B-4A48-9261-1FAB15767CAE}.Github|Any CPU.ActiveCfg = Release|Any CPU
		{22DB7FDE-7F0B-4A48-9261-1FAB15767CAE}.Github|Any CPU.Build.0 = Release|Any CPU
		{22DB7FDE-7F0B-4A48-9261-1FAB15767CAE}.Release|Any CPU.ActiveCfg = Release|Any CPU
		{22DB7FDE-7F0B-4A48-9261-1FAB15767CAE}.Release|Any CPU.Build.0 = Release|Any CPU
		{22DB7FDE-7F0B-4A48-9261-1FAB15767CAE}.Sandbox|Any CPU.ActiveCfg = Staging|Any CPU
		{22DB7FDE-7F0B-4A48-9261-1FAB15767CAE}.Sandbox|Any CPU.Build.0 = Staging|Any CPU
		{22DB7FDE-7F0B-4A48-9261-1FAB15767CAE}.Staging|Any CPU.ActiveCfg = Staging|Any CPU
		{22DB7FDE-7F0B-4A48-9261-1FAB15767CAE}.Staging|Any CPU.Build.0 = Staging|Any CPU
		{22DB7FDE-7F0B-4A48-9261-1FAB15767CAE}.Test|Any CPU.ActiveCfg = Release|Any CPU
		{22DB7FDE-7F0B-4A48-9261-1FAB15767CAE}.Test|Any CPU.Build.0 = Release|Any CPU
		{42051501-1140-42D1-A59E-8BE61B7853B0}.Azure|Any CPU.ActiveCfg = Debug|Any CPU
		{42051501-1140-42D1-A59E-8BE61B7853B0}.Azure|Any CPU.Build.0 = Debug|Any CPU
		{42051501-1140-42D1-A59E-8BE61B7853B0}.ctiTest|Any CPU.ActiveCfg = Release|Any CPU
		{42051501-1140-42D1-A59E-8BE61B7853B0}.ctiTest|Any CPU.Build.0 = Release|Any CPU
		{42051501-1140-42D1-A59E-8BE61B7853B0}.Debug|Any CPU.ActiveCfg = Debug|Any CPU
		{42051501-1140-42D1-A59E-8BE61B7853B0}.Debug|Any CPU.Build.0 = Debug|Any CPU
		{42051501-1140-42D1-A59E-8BE61B7853B0}.Github|Any CPU.ActiveCfg = Release|Any CPU
		{42051501-1140-42D1-A59E-8BE61B7853B0}.Github|Any CPU.Build.0 = Release|Any CPU
		{42051501-1140-42D1-A59E-8BE61B7853B0}.Release|Any CPU.ActiveCfg = Release|Any CPU
		{42051501-1140-42D1-A59E-8BE61B7853B0}.Release|Any CPU.Build.0 = Release|Any CPU
		{42051501-1140-42D1-A59E-8BE61B7853B0}.Sandbox|Any CPU.ActiveCfg = Staging|Any CPU
		{42051501-1140-42D1-A59E-8BE61B7853B0}.Sandbox|Any CPU.Build.0 = Staging|Any CPU
		{42051501-1140-42D1-A59E-8BE61B7853B0}.Staging|Any CPU.ActiveCfg = Release|Any CPU
		{42051501-1140-42D1-A59E-8BE61B7853B0}.Staging|Any CPU.Build.0 = Release|Any CPU
		{42051501-1140-42D1-A59E-8BE61B7853B0}.Test|Any CPU.ActiveCfg = Release|Any CPU
		{42051501-1140-42D1-A59E-8BE61B7853B0}.Test|Any CPU.Build.0 = Release|Any CPU
		{7F2454E1-4CEE-4955-9B84-B5645414BD6A}.Azure|Any CPU.ActiveCfg = Debug|Any CPU
		{7F2454E1-4CEE-4955-9B84-B5645414BD6A}.Azure|Any CPU.Build.0 = Debug|Any CPU
		{7F2454E1-4CEE-4955-9B84-B5645414BD6A}.ctiTest|Any CPU.ActiveCfg = Release|Any CPU
		{7F2454E1-4CEE-4955-9B84-B5645414BD6A}.ctiTest|Any CPU.Build.0 = Release|Any CPU
		{7F2454E1-4CEE-4955-9B84-B5645414BD6A}.Debug|Any CPU.ActiveCfg = Debug|Any CPU
		{7F2454E1-4CEE-4955-9B84-B5645414BD6A}.Debug|Any CPU.Build.0 = Debug|Any CPU
		{7F2454E1-4CEE-4955-9B84-B5645414BD6A}.Github|Any CPU.ActiveCfg = Release|Any CPU
		{7F2454E1-4CEE-4955-9B84-B5645414BD6A}.Github|Any CPU.Build.0 = Release|Any CPU
		{7F2454E1-4CEE-4955-9B84-B5645414BD6A}.Release|Any CPU.ActiveCfg = Release|Any CPU
		{7F2454E1-4CEE-4955-9B84-B5645414BD6A}.Release|Any CPU.Build.0 = Release|Any CPU
		{7F2454E1-4CEE-4955-9B84-B5645414BD6A}.Sandbox|Any CPU.ActiveCfg = Staging|Any CPU
		{7F2454E1-4CEE-4955-9B84-B5645414BD6A}.Sandbox|Any CPU.Build.0 = Staging|Any CPU
		{7F2454E1-4CEE-4955-9B84-B5645414BD6A}.Staging|Any CPU.ActiveCfg = Release|Any CPU
		{7F2454E1-4CEE-4955-9B84-B5645414BD6A}.Staging|Any CPU.Build.0 = Release|Any CPU
		{7F2454E1-4CEE-4955-9B84-B5645414BD6A}.Test|Any CPU.ActiveCfg = Release|Any CPU
		{7F2454E1-4CEE-4955-9B84-B5645414BD6A}.Test|Any CPU.Build.0 = Release|Any CPU
		{68E38652-32B7-4D9A-BA53-0FA5D58A6E0D}.Azure|Any CPU.ActiveCfg = Debug|Any CPU
		{68E38652-32B7-4D9A-BA53-0FA5D58A6E0D}.Azure|Any CPU.Build.0 = Debug|Any CPU
		{68E38652-32B7-4D9A-BA53-0FA5D58A6E0D}.ctiTest|Any CPU.ActiveCfg = Release|Any CPU
		{68E38652-32B7-4D9A-BA53-0FA5D58A6E0D}.ctiTest|Any CPU.Build.0 = Release|Any CPU
		{68E38652-32B7-4D9A-BA53-0FA5D58A6E0D}.Debug|Any CPU.ActiveCfg = Debug|Any CPU
		{68E38652-32B7-4D9A-BA53-0FA5D58A6E0D}.Debug|Any CPU.Build.0 = Debug|Any CPU
		{68E38652-32B7-4D9A-BA53-0FA5D58A6E0D}.Github|Any CPU.ActiveCfg = Release|Any CPU
		{68E38652-32B7-4D9A-BA53-0FA5D58A6E0D}.Github|Any CPU.Build.0 = Release|Any CPU
		{68E38652-32B7-4D9A-BA53-0FA5D58A6E0D}.Release|Any CPU.ActiveCfg = Release|Any CPU
		{68E38652-32B7-4D9A-BA53-0FA5D58A6E0D}.Release|Any CPU.Build.0 = Release|Any CPU
		{68E38652-32B7-4D9A-BA53-0FA5D58A6E0D}.Sandbox|Any CPU.ActiveCfg = Staging|Any CPU
		{68E38652-32B7-4D9A-BA53-0FA5D58A6E0D}.Sandbox|Any CPU.Build.0 = Staging|Any CPU
		{68E38652-32B7-4D9A-BA53-0FA5D58A6E0D}.Staging|Any CPU.ActiveCfg = Release|Any CPU
		{68E38652-32B7-4D9A-BA53-0FA5D58A6E0D}.Staging|Any CPU.Build.0 = Release|Any CPU
		{68E38652-32B7-4D9A-BA53-0FA5D58A6E0D}.Test|Any CPU.ActiveCfg = Release|Any CPU
		{68E38652-32B7-4D9A-BA53-0FA5D58A6E0D}.Test|Any CPU.Build.0 = Release|Any CPU
		{6163F6A4-E139-4CF5-AB59-B6E8508C9EC0}.Azure|Any CPU.ActiveCfg = Debug|Any CPU
		{6163F6A4-E139-4CF5-AB59-B6E8508C9EC0}.Azure|Any CPU.Build.0 = Debug|Any CPU
		{6163F6A4-E139-4CF5-AB59-B6E8508C9EC0}.ctiTest|Any CPU.ActiveCfg = Release|Any CPU
		{6163F6A4-E139-4CF5-AB59-B6E8508C9EC0}.ctiTest|Any CPU.Build.0 = Release|Any CPU
		{6163F6A4-E139-4CF5-AB59-B6E8508C9EC0}.Debug|Any CPU.ActiveCfg = Debug|Any CPU
		{6163F6A4-E139-4CF5-AB59-B6E8508C9EC0}.Debug|Any CPU.Build.0 = Debug|Any CPU
		{6163F6A4-E139-4CF5-AB59-B6E8508C9EC0}.Github|Any CPU.ActiveCfg = Release|Any CPU
		{6163F6A4-E139-4CF5-AB59-B6E8508C9EC0}.Github|Any CPU.Build.0 = Release|Any CPU
		{6163F6A4-E139-4CF5-AB59-B6E8508C9EC0}.Release|Any CPU.ActiveCfg = Release|Any CPU
		{6163F6A4-E139-4CF5-AB59-B6E8508C9EC0}.Release|Any CPU.Build.0 = Release|Any CPU
		{6163F6A4-E139-4CF5-AB59-B6E8508C9EC0}.Sandbox|Any CPU.ActiveCfg = Staging|Any CPU
		{6163F6A4-E139-4CF5-AB59-B6E8508C9EC0}.Sandbox|Any CPU.Build.0 = Staging|Any CPU
		{6163F6A4-E139-4CF5-AB59-B6E8508C9EC0}.Staging|Any CPU.ActiveCfg = Staging|Any CPU
		{6163F6A4-E139-4CF5-AB59-B6E8508C9EC0}.Staging|Any CPU.Build.0 = Staging|Any CPU
		{6163F6A4-E139-4CF5-AB59-B6E8508C9EC0}.Test|Any CPU.ActiveCfg = Release|Any CPU
		{6163F6A4-E139-4CF5-AB59-B6E8508C9EC0}.Test|Any CPU.Build.0 = Release|Any CPU
		{EA37CBF4-045B-471A-B8B6-AF2BA7586722}.Azure|Any CPU.ActiveCfg = Debug|Any CPU
		{EA37CBF4-045B-471A-B8B6-AF2BA7586722}.Azure|Any CPU.Build.0 = Debug|Any CPU
		{EA37CBF4-045B-471A-B8B6-AF2BA7586722}.ctiTest|Any CPU.ActiveCfg = Release|Any CPU
		{EA37CBF4-045B-471A-B8B6-AF2BA7586722}.ctiTest|Any CPU.Build.0 = Release|Any CPU
		{EA37CBF4-045B-471A-B8B6-AF2BA7586722}.Debug|Any CPU.ActiveCfg = Debug|Any CPU
		{EA37CBF4-045B-471A-B8B6-AF2BA7586722}.Debug|Any CPU.Build.0 = Debug|Any CPU
		{EA37CBF4-045B-471A-B8B6-AF2BA7586722}.Github|Any CPU.ActiveCfg = Release|Any CPU
		{EA37CBF4-045B-471A-B8B6-AF2BA7586722}.Github|Any CPU.Build.0 = Release|Any CPU
		{EA37CBF4-045B-471A-B8B6-AF2BA7586722}.Release|Any CPU.ActiveCfg = Release|Any CPU
		{EA37CBF4-045B-471A-B8B6-AF2BA7586722}.Release|Any CPU.Build.0 = Release|Any CPU
		{EA37CBF4-045B-471A-B8B6-AF2BA7586722}.Sandbox|Any CPU.ActiveCfg = Staging|Any CPU
		{EA37CBF4-045B-471A-B8B6-AF2BA7586722}.Sandbox|Any CPU.Build.0 = Staging|Any CPU
		{EA37CBF4-045B-471A-B8B6-AF2BA7586722}.Staging|Any CPU.ActiveCfg = Release|Any CPU
		{EA37CBF4-045B-471A-B8B6-AF2BA7586722}.Staging|Any CPU.Build.0 = Release|Any CPU
		{EA37CBF4-045B-471A-B8B6-AF2BA7586722}.Test|Any CPU.ActiveCfg = Release|Any CPU
		{EA37CBF4-045B-471A-B8B6-AF2BA7586722}.Test|Any CPU.Build.0 = Release|Any CPU
		{20D47ADB-2817-4DEF-9BD6-FA74EDEA9500}.Azure|Any CPU.ActiveCfg = Debug|Any CPU
		{20D47ADB-2817-4DEF-9BD6-FA74EDEA9500}.Azure|Any CPU.Build.0 = Debug|Any CPU
		{20D47ADB-2817-4DEF-9BD6-FA74EDEA9500}.ctiTest|Any CPU.ActiveCfg = Release|Any CPU
		{20D47ADB-2817-4DEF-9BD6-FA74EDEA9500}.ctiTest|Any CPU.Build.0 = Release|Any CPU
		{20D47ADB-2817-4DEF-9BD6-FA74EDEA9500}.Debug|Any CPU.ActiveCfg = Debug|Any CPU
		{20D47ADB-2817-4DEF-9BD6-FA74EDEA9500}.Debug|Any CPU.Build.0 = Debug|Any CPU
		{20D47ADB-2817-4DEF-9BD6-FA74EDEA9500}.Github|Any CPU.ActiveCfg = Release|Any CPU
		{20D47ADB-2817-4DEF-9BD6-FA74EDEA9500}.Github|Any CPU.Build.0 = Release|Any CPU
		{20D47ADB-2817-4DEF-9BD6-FA74EDEA9500}.Release|Any CPU.ActiveCfg = Release|Any CPU
		{20D47ADB-2817-4DEF-9BD6-FA74EDEA9500}.Release|Any CPU.Build.0 = Release|Any CPU
		{20D47ADB-2817-4DEF-9BD6-FA74EDEA9500}.Sandbox|Any CPU.ActiveCfg = Staging|Any CPU
		{20D47ADB-2817-4DEF-9BD6-FA74EDEA9500}.Sandbox|Any CPU.Build.0 = Staging|Any CPU
		{20D47ADB-2817-4DEF-9BD6-FA74EDEA9500}.Staging|Any CPU.ActiveCfg = Staging|Any CPU
		{20D47ADB-2817-4DEF-9BD6-FA74EDEA9500}.Staging|Any CPU.Build.0 = Staging|Any CPU
		{20D47ADB-2817-4DEF-9BD6-FA74EDEA9500}.Test|Any CPU.ActiveCfg = Release|Any CPU
		{20D47ADB-2817-4DEF-9BD6-FA74EDEA9500}.Test|Any CPU.Build.0 = Release|Any CPU
		{F3D22B73-F5AE-48E3-84E3-8521731E0FEA}.Azure|Any CPU.ActiveCfg = Release|Any CPU
		{F3D22B73-F5AE-48E3-84E3-8521731E0FEA}.Azure|Any CPU.Build.0 = Release|Any CPU
		{F3D22B73-F5AE-48E3-84E3-8521731E0FEA}.ctiTest|Any CPU.ActiveCfg = Release|Any CPU
		{F3D22B73-F5AE-48E3-84E3-8521731E0FEA}.ctiTest|Any CPU.Build.0 = Release|Any CPU
		{F3D22B73-F5AE-48E3-84E3-8521731E0FEA}.Debug|Any CPU.ActiveCfg = Debug|Any CPU
		{F3D22B73-F5AE-48E3-84E3-8521731E0FEA}.Debug|Any CPU.Build.0 = Debug|Any CPU
		{F3D22B73-F5AE-48E3-84E3-8521731E0FEA}.Github|Any CPU.ActiveCfg = Release|Any CPU
		{F3D22B73-F5AE-48E3-84E3-8521731E0FEA}.Github|Any CPU.Build.0 = Release|Any CPU
		{F3D22B73-F5AE-48E3-84E3-8521731E0FEA}.Release|Any CPU.ActiveCfg = Release|Any CPU
		{F3D22B73-F5AE-48E3-84E3-8521731E0FEA}.Release|Any CPU.Build.0 = Release|Any CPU
		{F3D22B73-F5AE-48E3-84E3-8521731E0FEA}.Sandbox|Any CPU.ActiveCfg = Staging|Any CPU
		{F3D22B73-F5AE-48E3-84E3-8521731E0FEA}.Sandbox|Any CPU.Build.0 = Staging|Any CPU
		{F3D22B73-F5AE-48E3-84E3-8521731E0FEA}.Staging|Any CPU.ActiveCfg = Debug|Any CPU
		{F3D22B73-F5AE-48E3-84E3-8521731E0FEA}.Staging|Any CPU.Build.0 = Debug|Any CPU
		{F3D22B73-F5AE-48E3-84E3-8521731E0FEA}.Test|Any CPU.ActiveCfg = Release|Any CPU
		{F3D22B73-F5AE-48E3-84E3-8521731E0FEA}.Test|Any CPU.Build.0 = Release|Any CPU
		{22328DEE-B11F-44AE-ADDE-F85774CB5DC9}.Azure|Any CPU.ActiveCfg = Staging|Any CPU
		{22328DEE-B11F-44AE-ADDE-F85774CB5DC9}.Azure|Any CPU.Build.0 = Staging|Any CPU
		{22328DEE-B11F-44AE-ADDE-F85774CB5DC9}.ctiTest|Any CPU.ActiveCfg = Staging|Any CPU
		{22328DEE-B11F-44AE-ADDE-F85774CB5DC9}.ctiTest|Any CPU.Build.0 = Staging|Any CPU
		{22328DEE-B11F-44AE-ADDE-F85774CB5DC9}.Debug|Any CPU.ActiveCfg = Debug|Any CPU
		{22328DEE-B11F-44AE-ADDE-F85774CB5DC9}.Debug|Any CPU.Build.0 = Debug|Any CPU
		{22328DEE-B11F-44AE-ADDE-F85774CB5DC9}.Github|Any CPU.ActiveCfg = Staging|Any CPU
		{22328DEE-B11F-44AE-ADDE-F85774CB5DC9}.Github|Any CPU.Build.0 = Staging|Any CPU
		{22328DEE-B11F-44AE-ADDE-F85774CB5DC9}.Release|Any CPU.ActiveCfg = Release|Any CPU
		{22328DEE-B11F-44AE-ADDE-F85774CB5DC9}.Release|Any CPU.Build.0 = Release|Any CPU
		{22328DEE-B11F-44AE-ADDE-F85774CB5DC9}.Sandbox|Any CPU.ActiveCfg = Staging|Any CPU
		{22328DEE-B11F-44AE-ADDE-F85774CB5DC9}.Sandbox|Any CPU.Build.0 = Staging|Any CPU
		{22328DEE-B11F-44AE-ADDE-F85774CB5DC9}.Staging|Any CPU.ActiveCfg = Staging|Any CPU
		{22328DEE-B11F-44AE-ADDE-F85774CB5DC9}.Staging|Any CPU.Build.0 = Staging|Any CPU
		{22328DEE-B11F-44AE-ADDE-F85774CB5DC9}.Test|Any CPU.ActiveCfg = Staging|Any CPU
		{22328DEE-B11F-44AE-ADDE-F85774CB5DC9}.Test|Any CPU.Build.0 = Staging|Any CPU
		{C4C0768C-847D-4BAE-BA97-4B2CDEF9EE65}.Azure|Any CPU.ActiveCfg = Debug|Any CPU
		{C4C0768C-847D-4BAE-BA97-4B2CDEF9EE65}.Azure|Any CPU.Build.0 = Debug|Any CPU
		{C4C0768C-847D-4BAE-BA97-4B2CDEF9EE65}.ctiTest|Any CPU.ActiveCfg = Debug|Any CPU
		{C4C0768C-847D-4BAE-BA97-4B2CDEF9EE65}.ctiTest|Any CPU.Build.0 = Debug|Any CPU
		{C4C0768C-847D-4BAE-BA97-4B2CDEF9EE65}.Debug|Any CPU.ActiveCfg = Debug|Any CPU
		{C4C0768C-847D-4BAE-BA97-4B2CDEF9EE65}.Debug|Any CPU.Build.0 = Debug|Any CPU
		{C4C0768C-847D-4BAE-BA97-4B2CDEF9EE65}.Github|Any CPU.ActiveCfg = Debug|Any CPU
		{C4C0768C-847D-4BAE-BA97-4B2CDEF9EE65}.Github|Any CPU.Build.0 = Debug|Any CPU
		{C4C0768C-847D-4BAE-BA97-4B2CDEF9EE65}.Release|Any CPU.ActiveCfg = Release|Any CPU
		{C4C0768C-847D-4BAE-BA97-4B2CDEF9EE65}.Release|Any CPU.Build.0 = Release|Any CPU
		{C4C0768C-847D-4BAE-BA97-4B2CDEF9EE65}.Sandbox|Any CPU.ActiveCfg = Release|Any CPU
		{C4C0768C-847D-4BAE-BA97-4B2CDEF9EE65}.Sandbox|Any CPU.Build.0 = Release|Any CPU
		{C4C0768C-847D-4BAE-BA97-4B2CDEF9EE65}.Staging|Any CPU.ActiveCfg = Debug|Any CPU
		{C4C0768C-847D-4BAE-BA97-4B2CDEF9EE65}.Staging|Any CPU.Build.0 = Debug|Any CPU
		{C4C0768C-847D-4BAE-BA97-4B2CDEF9EE65}.Test|Any CPU.ActiveCfg = Debug|Any CPU
		{C4C0768C-847D-4BAE-BA97-4B2CDEF9EE65}.Test|Any CPU.Build.0 = Debug|Any CPU
		{C38072D9-427F-46FE-B7CD-D774166188A4}.Azure|Any CPU.ActiveCfg = Debug|Any CPU
		{C38072D9-427F-46FE-B7CD-D774166188A4}.Azure|Any CPU.Build.0 = Debug|Any CPU
		{C38072D9-427F-46FE-B7CD-D774166188A4}.ctiTest|Any CPU.ActiveCfg = Debug|Any CPU
		{C38072D9-427F-46FE-B7CD-D774166188A4}.ctiTest|Any CPU.Build.0 = Debug|Any CPU
		{C38072D9-427F-46FE-B7CD-D774166188A4}.Debug|Any CPU.ActiveCfg = Debug|Any CPU
		{C38072D9-427F-46FE-B7CD-D774166188A4}.Debug|Any CPU.Build.0 = Debug|Any CPU
		{C38072D9-427F-46FE-B7CD-D774166188A4}.Github|Any CPU.ActiveCfg = Debug|Any CPU
		{C38072D9-427F-46FE-B7CD-D774166188A4}.Github|Any CPU.Build.0 = Debug|Any CPU
		{C38072D9-427F-46FE-B7CD-D774166188A4}.Release|Any CPU.ActiveCfg = Release|Any CPU
		{C38072D9-427F-46FE-B7CD-D774166188A4}.Release|Any CPU.Build.0 = Release|Any CPU
		{C38072D9-427F-46FE-B7CD-D774166188A4}.Sandbox|Any CPU.ActiveCfg = Sandbox|Any CPU
		{C38072D9-427F-46FE-B7CD-D774166188A4}.Sandbox|Any CPU.Build.0 = Sandbox|Any CPU
		{C38072D9-427F-46FE-B7CD-D774166188A4}.Staging|Any CPU.ActiveCfg = Staging|Any CPU
		{C38072D9-427F-46FE-B7CD-D774166188A4}.Staging|Any CPU.Build.0 = Staging|Any CPU
		{C38072D9-427F-46FE-B7CD-D774166188A4}.Test|Any CPU.ActiveCfg = Debug|Any CPU
		{C38072D9-427F-46FE-B7CD-D774166188A4}.Test|Any CPU.Build.0 = Debug|Any CPU
	EndGlobalSection
	GlobalSection(SolutionProperties) = preSolution
		HideSolutionNode = FALSE
	EndGlobalSection
	GlobalSection(NestedProjects) = preSolution
		{6163F6A4-E139-4CF5-AB59-B6E8508C9EC0} = {1EB97E68-92C7-4BB0-9443-7507B092FDA6}
		{20D47ADB-2817-4DEF-9BD6-FA74EDEA9500} = {1EB97E68-92C7-4BB0-9443-7507B092FDA6}
		{F3D22B73-F5AE-48E3-84E3-8521731E0FEA} = {12E8498D-B893-44C1-AB6A-A16564FA9E7C}
		{EF9DDCCD-4310-4A38-AA77-80699934004A} = {91E8EFE2-EA3E-433D-801B-02EAF83ACEB6}
		{22328DEE-B11F-44AE-ADDE-F85774CB5DC9} = {1EB97E68-92C7-4BB0-9443-7507B092FDA6}
		{C38072D9-427F-46FE-B7CD-D774166188A4} = {B0C2AD2E-EADA-4D0C-835D-1275B12248ED}
		{6AAD7062-93F3-430D-A025-B22C8E3C4F61} = {3C6AF467-9BDE-44E2-A93B-E2C621BDF053}
		{3F58A786-B1BD-485B-9FA7-B8E2B231995D} = {3C6AF467-9BDE-44E2-A93B-E2C621BDF053}
		{42A73BBC-AF4E-4827-A984-D2CE93E52569} = {3C6AF467-9BDE-44E2-A93B-E2C621BDF053}
		{8BAAB9C2-5418-4F0F-A0D5-0E0AE0A3D5FA} = {3C6AF467-9BDE-44E2-A93B-E2C621BDF053}
		{82172126-598F-4DA9-BCB7-58941C4B71A9} = {3C6AF467-9BDE-44E2-A93B-E2C621BDF053}
		{0664EAF4-083D-4AE1-AF95-B4DB77145902} = {82172126-598F-4DA9-BCB7-58941C4B71A9}
		{8E743246-7542-4C49-9A8B-C256CEFCC9D5} = {3C6AF467-9BDE-44E2-A93B-E2C621BDF053}
		{CA3D552F-6BAD-437F-8162-7139522E6D6C} = {3C6AF467-9BDE-44E2-A93B-E2C621BDF053}
	EndGlobalSection
	GlobalSection(ExtensibilityGlobals) = postSolution
		SolutionGuid = {B64A0AE6-119D-43C5-8A69-346846E431C5}
	EndGlobalSection
EndGlobal
